// !$*UTF8*$!
{
	archiveVersion = 1;
	classes = {
	};
	objectVersion = 56;
	objects = {

/* Begin PBXBuildFile section */
		4444E98428F9864800499F48 /* UltimatePortfolioAppApp.swift in Sources */ = {isa = PBXBuildFile; fileRef = 4444E98328F9864800499F48 /* UltimatePortfolioAppApp.swift */; };
		4444E98628F9864800499F48 /* ContentView.swift in Sources */ = {isa = PBXBuildFile; fileRef = 4444E98528F9864800499F48 /* ContentView.swift */; };
		4444E98828F9864B00499F48 /* Assets.xcassets in Resources */ = {isa = PBXBuildFile; fileRef = 4444E98728F9864B00499F48 /* Assets.xcassets */; };
		4444E98B28F9864B00499F48 /* Preview Assets.xcassets in Resources */ = {isa = PBXBuildFile; fileRef = 4444E98A28F9864B00499F48 /* Preview Assets.xcassets */; };
		4444E99328F986E400499F48 /* Main.xcdatamodeld in Sources */ = {isa = PBXBuildFile; fileRef = 4444E99128F986E400499F48 /* Main.xcdatamodeld */; };
		4444E99528F98A0E00499F48 /* DataController.swift in Sources */ = {isa = PBXBuildFile; fileRef = 4444E99428F98A0E00499F48 /* DataController.swift */; };
		444E47A329C04C6900A0784A /* Awards.json in Resources */ = {isa = PBXBuildFile; fileRef = 444E47A229C04C6900A0784A /* Awards.json */; };
		444E47A629C04C6F00A0784A /* Awards.json in Resources */ = {isa = PBXBuildFile; fileRef = 444E47A429C04C6F00A0784A /* Awards.json */; };
		4482A4F5290968A4006A5C0D /* Color-Additions.swift in Sources */ = {isa = PBXBuildFile; fileRef = 4482A4F4290968A4006A5C0D /* Color-Additions.swift */; };
		4482A4FA290A13F6006A5C0D /* Localizable.strings in Resources */ = {isa = PBXBuildFile; fileRef = 4482A4FC290A13F6006A5C0D /* Localizable.strings */; };
		44884D792902C97B007397ED /* HomeView.swift in Sources */ = {isa = PBXBuildFile; fileRef = 44884D782902C97B007397ED /* HomeView.swift */; };
		44884D7B2902CA0E007397ED /* ProjectsView.swift in Sources */ = {isa = PBXBuildFile; fileRef = 44884D7A2902CA0E007397ED /* ProjectsView.swift */; };
		44884D7D29063199007397ED /* Item-CoreDataHelpers.swift in Sources */ = {isa = PBXBuildFile; fileRef = 44884D7C29063199007397ED /* Item-CoreDataHelpers.swift */; };
		44884D7F2906329D007397ED /* Project-CoreDataHelpers.swift in Sources */ = {isa = PBXBuildFile; fileRef = 44884D7E2906329D007397ED /* Project-CoreDataHelpers.swift */; };
		44884DA529064817007397ED /* EditItemView.swift in Sources */ = {isa = PBXBuildFile; fileRef = 44884DA429064817007397ED /* EditItemView.swift */; };
		44884DA729064C48007397ED /* ItemRowView.swift in Sources */ = {isa = PBXBuildFile; fileRef = 44884DA629064C48007397ED /* ItemRowView.swift */; };
		44884DA9290654B3007397ED /* Binding-OnChange.swift in Sources */ = {isa = PBXBuildFile; fileRef = 44884DA8290654B3007397ED /* Binding-OnChange.swift */; };
		44884DAB29065E6A007397ED /* ProjectHeaderView.swift in Sources */ = {isa = PBXBuildFile; fileRef = 44884DAA29065E6A007397ED /* ProjectHeaderView.swift */; };
		44884DAD290661A6007397ED /* Colors.xcassets in Resources */ = {isa = PBXBuildFile; fileRef = 44884DAC290661A6007397ED /* Colors.xcassets */; };
		44884DAF290662A2007397ED /* EditProjectView.swift in Sources */ = {isa = PBXBuildFile; fileRef = 44884DAE290662A2007397ED /* EditProjectView.swift */; };
		44A604BA299A153500A1969B /* ItemListView.swift in Sources */ = {isa = PBXBuildFile; fileRef = 44A604B9299A153500A1969B /* ItemListView.swift */; };
		44A604BC299A172100A1969B /* ProjectSummaryView.swift in Sources */ = {isa = PBXBuildFile; fileRef = 44A604BB299A172100A1969B /* ProjectSummaryView.swift */; };
		44C998392907BC5200B2CCC0 /* SelectSomethingView.swift in Sources */ = {isa = PBXBuildFile; fileRef = 44C998382907BC5200B2CCC0 /* SelectSomethingView.swift */; };
		44C9983B2907BE5200B2CCC0 /* Bundle-Decodable.swift in Sources */ = {isa = PBXBuildFile; fileRef = 44C9983A2907BE5200B2CCC0 /* Bundle-Decodable.swift */; };
		44C9983F2907C4C300B2CCC0 /* Award.swift in Sources */ = {isa = PBXBuildFile; fileRef = 44C9983E2907C4C300B2CCC0 /* Award.swift */; };
		44C998412907C56F00B2CCC0 /* AwardsView.swift in Sources */ = {isa = PBXBuildFile; fileRef = 44C998402907C56F00B2CCC0 /* AwardsView.swift */; };
/* End PBXBuildFile section */

/* Begin PBXFileReference section */
		4444E98028F9864800499F48 /* UltimatePortfolioApp.app */ = {isa = PBXFileReference; explicitFileType = wrapper.application; includeInIndex = 0; path = UltimatePortfolioApp.app; sourceTree = BUILT_PRODUCTS_DIR; };
		4444E98328F9864800499F48 /* UltimatePortfolioAppApp.swift */ = {isa = PBXFileReference; lastKnownFileType = sourcecode.swift; path = UltimatePortfolioAppApp.swift; sourceTree = "<group>"; };
		4444E98528F9864800499F48 /* ContentView.swift */ = {isa = PBXFileReference; lastKnownFileType = sourcecode.swift; path = ContentView.swift; sourceTree = "<group>"; };
		4444E98728F9864B00499F48 /* Assets.xcassets */ = {isa = PBXFileReference; lastKnownFileType = folder.assetcatalog; path = Assets.xcassets; sourceTree = "<group>"; };
		4444E98A28F9864B00499F48 /* Preview Assets.xcassets */ = {isa = PBXFileReference; lastKnownFileType = folder.assetcatalog; path = "Preview Assets.xcassets"; sourceTree = "<group>"; };
		4444E99228F986E400499F48 /* Main.xcdatamodel */ = {isa = PBXFileReference; lastKnownFileType = wrapper.xcdatamodel; path = Main.xcdatamodel; sourceTree = "<group>"; };
		4444E99428F98A0E00499F48 /* DataController.swift */ = {isa = PBXFileReference; lastKnownFileType = sourcecode.swift; path = DataController.swift; sourceTree = "<group>"; };
		4444E99628F9918B00499F48 /* UltimatePortfolioApp.entitlements */ = {isa = PBXFileReference; lastKnownFileType = text.plist.entitlements; path = UltimatePortfolioApp.entitlements; sourceTree = "<group>"; };
		4444E99728F9919100499F48 /* Info.plist */ = {isa = PBXFileReference; lastKnownFileType = text.plist; path = Info.plist; sourceTree = "<group>"; };
		444E47A229C04C6900A0784A /* Awards.json */ = {isa = PBXFileReference; fileEncoding = 4; lastKnownFileType = text.json; path = Awards.json; sourceTree = "<group>"; };
		444E47A529C04C6F00A0784A /* en */ = {isa = PBXFileReference; lastKnownFileType = text.json; name = en; path = "../../../../../Downloads/portfolio-i18n 4/en.lproj/Awards.json"; sourceTree = "<group>"; };
		4482A4F4290968A4006A5C0D /* Color-Additions.swift */ = {isa = PBXFileReference; lastKnownFileType = sourcecode.swift; path = "Color-Additions.swift"; sourceTree = "<group>"; };
		4482A4FB290A13F6006A5C0D /* en */ = {isa = PBXFileReference; lastKnownFileType = text.plist.strings; name = en; path = en.lproj/Localizable.strings; sourceTree = "<group>"; };
		4482A4FD290A1406006A5C0D /* hu */ = {isa = PBXFileReference; lastKnownFileType = text.plist.strings; name = hu; path = hu.lproj/Localizable.strings; sourceTree = "<group>"; };
		44884D782902C97B007397ED /* HomeView.swift */ = {isa = PBXFileReference; lastKnownFileType = sourcecode.swift; path = HomeView.swift; sourceTree = "<group>"; };
		44884D7A2902CA0E007397ED /* ProjectsView.swift */ = {isa = PBXFileReference; lastKnownFileType = sourcecode.swift; path = ProjectsView.swift; sourceTree = "<group>"; };
		44884D7C29063199007397ED /* Item-CoreDataHelpers.swift */ = {isa = PBXFileReference; lastKnownFileType = sourcecode.swift; path = "Item-CoreDataHelpers.swift"; sourceTree = "<group>"; };
		44884D7E2906329D007397ED /* Project-CoreDataHelpers.swift */ = {isa = PBXFileReference; lastKnownFileType = sourcecode.swift; path = "Project-CoreDataHelpers.swift"; sourceTree = "<group>"; };
		44884DA429064817007397ED /* EditItemView.swift */ = {isa = PBXFileReference; lastKnownFileType = sourcecode.swift; path = EditItemView.swift; sourceTree = "<group>"; };
		44884DA629064C48007397ED /* ItemRowView.swift */ = {isa = PBXFileReference; lastKnownFileType = sourcecode.swift; path = ItemRowView.swift; sourceTree = "<group>"; };
		44884DA8290654B3007397ED /* Binding-OnChange.swift */ = {isa = PBXFileReference; lastKnownFileType = sourcecode.swift; path = "Binding-OnChange.swift"; sourceTree = "<group>"; };
		44884DAA29065E6A007397ED /* ProjectHeaderView.swift */ = {isa = PBXFileReference; lastKnownFileType = sourcecode.swift; path = ProjectHeaderView.swift; sourceTree = "<group>"; };
		44884DAC290661A6007397ED /* Colors.xcassets */ = {isa = PBXFileReference; lastKnownFileType = folder.assetcatalog; path = Colors.xcassets; sourceTree = "<group>"; };
		44884DAE290662A2007397ED /* EditProjectView.swift */ = {isa = PBXFileReference; lastKnownFileType = sourcecode.swift; path = EditProjectView.swift; sourceTree = "<group>"; };
		44A604B9299A153500A1969B /* ItemListView.swift */ = {isa = PBXFileReference; lastKnownFileType = sourcecode.swift; path = ItemListView.swift; sourceTree = "<group>"; };
		44A604BB299A172100A1969B /* ProjectSummaryView.swift */ = {isa = PBXFileReference; lastKnownFileType = sourcecode.swift; path = ProjectSummaryView.swift; sourceTree = "<group>"; };
		44C998382907BC5200B2CCC0 /* SelectSomethingView.swift */ = {isa = PBXFileReference; lastKnownFileType = sourcecode.swift; path = SelectSomethingView.swift; sourceTree = "<group>"; };
		44C9983A2907BE5200B2CCC0 /* Bundle-Decodable.swift */ = {isa = PBXFileReference; lastKnownFileType = sourcecode.swift; path = "Bundle-Decodable.swift"; sourceTree = "<group>"; };
		44C9983E2907C4C300B2CCC0 /* Award.swift */ = {isa = PBXFileReference; lastKnownFileType = sourcecode.swift; path = Award.swift; sourceTree = "<group>"; };
		44C998402907C56F00B2CCC0 /* AwardsView.swift */ = {isa = PBXFileReference; lastKnownFileType = sourcecode.swift; path = AwardsView.swift; sourceTree = "<group>"; };
/* End PBXFileReference section */

/* Begin PBXFrameworksBuildPhase section */
		4444E97D28F9864800499F48 /* Frameworks */ = {
			isa = PBXFrameworksBuildPhase;
			buildActionMask = 2147483647;
			files = (
			);
			runOnlyForDeploymentPostprocessing = 0;
		};
/* End PBXFrameworksBuildPhase section */

/* Begin PBXGroup section */
		4444E97728F9864800499F48 = {
			isa = PBXGroup;
			children = (
				4444E98228F9864800499F48 /* UltimatePortfolioApp */,
				4444E98128F9864800499F48 /* Products */,
			);
			sourceTree = "<group>";
		};
		4444E98128F9864800499F48 /* Products */ = {
			isa = PBXGroup;
			children = (
				4444E98028F9864800499F48 /* UltimatePortfolioApp.app */,
			);
			name = Products;
			sourceTree = "<group>";
		};
		4444E98228F9864800499F48 /* UltimatePortfolioApp */ = {
			isa = PBXGroup;
			children = (
				4444E99628F9918B00499F48 /* UltimatePortfolioApp.entitlements */,
				4444E98328F9864800499F48 /* UltimatePortfolioAppApp.swift */,
				44884D782902C97B007397ED /* HomeView.swift */,
				44A604BB299A172100A1969B /* ProjectSummaryView.swift */,
				44A604B9299A153500A1969B /* ItemListView.swift */,
				44884D7A2902CA0E007397ED /* ProjectsView.swift */,
				44C9983A2907BE5200B2CCC0 /* Bundle-Decodable.swift */,
				44C998382907BC5200B2CCC0 /* SelectSomethingView.swift */,
				44884DA629064C48007397ED /* ItemRowView.swift */,
				44884D7C29063199007397ED /* Item-CoreDataHelpers.swift */,
				44884D7E2906329D007397ED /* Project-CoreDataHelpers.swift */,
				4444E98528F9864800499F48 /* ContentView.swift */,
				44884DA429064817007397ED /* EditItemView.swift */,
				44884DAA29065E6A007397ED /* ProjectHeaderView.swift */,
				44884DAE290662A2007397ED /* EditProjectView.swift */,
				44884DA8290654B3007397ED /* Binding-OnChange.swift */,
				4444E98728F9864B00499F48 /* Assets.xcassets */,
				44884DAC290661A6007397ED /* Colors.xcassets */,
				44C9983E2907C4C300B2CCC0 /* Award.swift */,
				44C998402907C56F00B2CCC0 /* AwardsView.swift */,
				4482A4F4290968A4006A5C0D /* Color-Additions.swift */,
				444E47A729C04C9D00A0784A /* Award Strings */,
				4482A4FC290A13F6006A5C0D /* Localizable.strings */,
				4444E99728F9919100499F48 /* Info.plist */,
				4444E98928F9864B00499F48 /* Preview Content */,
				4444E99128F986E400499F48 /* Main.xcdatamodeld */,
				4444E99428F98A0E00499F48 /* DataController.swift */,
			);
			path = UltimatePortfolioApp;
			sourceTree = "<group>";
		};
		4444E98928F9864B00499F48 /* Preview Content */ = {
			isa = PBXGroup;
			children = (
				4444E98A28F9864B00499F48 /* Preview Assets.xcassets */,
			);
			path = "Preview Content";
			sourceTree = "<group>";
		};
		444E47A729C04C9D00A0784A /* Award Strings */ = {
			isa = PBXGroup;
			children = (
				444E47A429C04C6F00A0784A /* Awards.json */,
				444E47A229C04C6900A0784A /* Awards.json */,
			);
			path = "Award Strings";
			sourceTree = "<group>";
		};
/* End PBXGroup section */

/* Begin PBXNativeTarget section */
		4444E97F28F9864800499F48 /* UltimatePortfolioApp */ = {
			isa = PBXNativeTarget;
			buildConfigurationList = 4444E98E28F9864B00499F48 /* Build configuration list for PBXNativeTarget "UltimatePortfolioApp" */;
			buildPhases = (
				4444E97C28F9864800499F48 /* Sources */,
				4444E97D28F9864800499F48 /* Frameworks */,
				4444E97E28F9864800499F48 /* Resources */,
				444E47A129C04B2900A0784A /* SwiftLint */,
			);
			buildRules = (
			);
			dependencies = (
			);
			name = UltimatePortfolioApp;
			productName = UltimatePortfolioApp;
			productReference = 4444E98028F9864800499F48 /* UltimatePortfolioApp.app */;
			productType = "com.apple.product-type.application";
		};
/* End PBXNativeTarget section */

/* Begin PBXProject section */
		4444E97828F9864800499F48 /* Project object */ = {
			isa = PBXProject;
			attributes = {
				BuildIndependentTargetsInParallel = 1;
				LastSwiftUpdateCheck = 1400;
				LastUpgradeCheck = 1420;
				TargetAttributes = {
					4444E97F28F9864800499F48 = {
						CreatedOnToolsVersion = 14.0.1;
					};
				};
			};
			buildConfigurationList = 4444E97B28F9864800499F48 /* Build configuration list for PBXProject "UltimatePortfolioApp" */;
			compatibilityVersion = "Xcode 14.0";
			developmentRegion = en;
			hasScannedForEncodings = 0;
			knownRegions = (
				en,
				Base,
				hu,
			);
			mainGroup = 4444E97728F9864800499F48;
			productRefGroup = 4444E98128F9864800499F48 /* Products */;
			projectDirPath = "";
			projectRoot = "";
			targets = (
				4444E97F28F9864800499F48 /* UltimatePortfolioApp */,
			);
		};
/* End PBXProject section */

/* Begin PBXResourcesBuildPhase section */
		4444E97E28F9864800499F48 /* Resources */ = {
			isa = PBXResourcesBuildPhase;
			buildActionMask = 2147483647;
			files = (
				4482A4FA290A13F6006A5C0D /* Localizable.strings in Resources */,
				444E47A629C04C6F00A0784A /* Awards.json in Resources */,
				444E47A329C04C6900A0784A /* Awards.json in Resources */,
				44884DAD290661A6007397ED /* Colors.xcassets in Resources */,
				4444E98B28F9864B00499F48 /* Preview Assets.xcassets in Resources */,
				4444E98828F9864B00499F48 /* Assets.xcassets in Resources */,
			);
			runOnlyForDeploymentPostprocessing = 0;
		};
/* End PBXResourcesBuildPhase section */

/* Begin PBXShellScriptBuildPhase section */
		444E47A129C04B2900A0784A /* SwiftLint */ = {
			isa = PBXShellScriptBuildPhase;
			buildActionMask = 2147483647;
			files = (
			);
			inputFileListPaths = (
			);
			inputPaths = (
			);
			name = SwiftLint;
			outputFileListPaths = (
			);
			outputPaths = (
			);
			runOnlyForDeploymentPostprocessing = 0;
			shellPath = /bin/sh;
			shellScript = "# Type a script or drag a script file from your workspace to insert its path.\nif which swiftlint > /dev/null; then\n  swiftlint\nelse\n  echo \"warning: SwiftLint not installed, download from https://github.com/realm/SwiftLint\"\nfi\n";
		};
/* End PBXShellScriptBuildPhase section */

/* Begin PBXSourcesBuildPhase section */
		4444E97C28F9864800499F48 /* Sources */ = {
			isa = PBXSourcesBuildPhase;
			buildActionMask = 2147483647;
			files = (
				44884D7B2902CA0E007397ED /* ProjectsView.swift in Sources */,
				4482A4F5290968A4006A5C0D /* Color-Additions.swift in Sources */,
				44884DAB29065E6A007397ED /* ProjectHeaderView.swift in Sources */,
				44C9983B2907BE5200B2CCC0 /* Bundle-Decodable.swift in Sources */,
				4444E99328F986E400499F48 /* Main.xcdatamodeld in Sources */,
				44A604BA299A153500A1969B /* ItemListView.swift in Sources */,
				44C998392907BC5200B2CCC0 /* SelectSomethingView.swift in Sources */,
				44C9983F2907C4C300B2CCC0 /* Award.swift in Sources */,
				44C998412907C56F00B2CCC0 /* AwardsView.swift in Sources */,
				44884D7F2906329D007397ED /* Project-CoreDataHelpers.swift in Sources */,
				44884DAF290662A2007397ED /* EditProjectView.swift in Sources */,
				44A604BC299A172100A1969B /* ProjectSummaryView.swift in Sources */,
				4444E99528F98A0E00499F48 /* DataController.swift in Sources */,
				44884DA729064C48007397ED /* ItemRowView.swift in Sources */,
				4444E98628F9864800499F48 /* ContentView.swift in Sources */,
				44884DA9290654B3007397ED /* Binding-OnChange.swift in Sources */,
				44884D792902C97B007397ED /* HomeView.swift in Sources */,
				4444E98428F9864800499F48 /* UltimatePortfolioAppApp.swift in Sources */,
				44884D7D29063199007397ED /* Item-CoreDataHelpers.swift in Sources */,
				44884DA529064817007397ED /* EditItemView.swift in Sources */,
			);
			runOnlyForDeploymentPostprocessing = 0;
		};
/* End PBXSourcesBuildPhase section */

/* Begin PBXVariantGroup section */
		444E47A429C04C6F00A0784A /* Awards.json */ = {
			isa = PBXVariantGroup;
			children = (
				444E47A529C04C6F00A0784A /* en */,
			);
			name = Awards.json;
			sourceTree = "<group>";
		};
		4482A4FC290A13F6006A5C0D /* Localizable.strings */ = {
			isa = PBXVariantGroup;
			children = (
				4482A4FB290A13F6006A5C0D /* en */,
				4482A4FD290A1406006A5C0D /* hu */,
			);
			name = Localizable.strings;
			sourceTree = "<group>";
		};
/* End PBXVariantGroup section */

/* Begin XCBuildConfiguration section */
		4444E98C28F9864B00499F48 /* Debug */ = {
			isa = XCBuildConfiguration;
			buildSettings = {
				ALWAYS_SEARCH_USER_PATHS = NO;
				CLANG_ANALYZER_LOCALIZABILITY_NONLOCALIZED = YES;
				CLANG_ANALYZER_NONNULL = YES;
				CLANG_ANALYZER_NUMBER_OBJECT_CONVERSION = YES_AGGRESSIVE;
				CLANG_CXX_LANGUAGE_STANDARD = "gnu++20";
				CLANG_ENABLE_MODULES = YES;
				CLANG_ENABLE_OBJC_ARC = YES;
				CLANG_ENABLE_OBJC_WEAK = YES;
				CLANG_WARN_BLOCK_CAPTURE_AUTORELEASING = YES;
				CLANG_WARN_BOOL_CONVERSION = YES;
				CLANG_WARN_COMMA = YES;
				CLANG_WARN_CONSTANT_CONVERSION = YES;
				CLANG_WARN_DEPRECATED_OBJC_IMPLEMENTATIONS = YES;
				CLANG_WARN_DIRECT_OBJC_ISA_USAGE = YES_ERROR;
				CLANG_WARN_DOCUMENTATION_COMMENTS = YES;
				CLANG_WARN_EMPTY_BODY = YES;
				CLANG_WARN_ENUM_CONVERSION = YES;
				CLANG_WARN_INFINITE_RECURSION = YES;
				CLANG_WARN_INT_CONVERSION = YES;
				CLANG_WARN_NON_LITERAL_NULL_CONVERSION = YES;
				CLANG_WARN_OBJC_IMPLICIT_RETAIN_SELF = YES;
				CLANG_WARN_OBJC_LITERAL_CONVERSION = YES;
				CLANG_WARN_OBJC_ROOT_CLASS = YES_ERROR;
				CLANG_WARN_QUOTED_INCLUDE_IN_FRAMEWORK_HEADER = YES;
				CLANG_WARN_RANGE_LOOP_ANALYSIS = YES;
				CLANG_WARN_STRICT_PROTOTYPES = YES;
				CLANG_WARN_SUSPICIOUS_MOVE = YES;
				CLANG_WARN_UNGUARDED_AVAILABILITY = YES_AGGRESSIVE;
				CLANG_WARN_UNREACHABLE_CODE = YES;
				CLANG_WARN__DUPLICATE_METHOD_MATCH = YES;
				COPY_PHASE_STRIP = NO;
				DEBUG_INFORMATION_FORMAT = dwarf;
				ENABLE_STRICT_OBJC_MSGSEND = YES;
				ENABLE_TESTABILITY = YES;
				GCC_C_LANGUAGE_STANDARD = gnu11;
				GCC_DYNAMIC_NO_PIC = NO;
				GCC_NO_COMMON_BLOCKS = YES;
				GCC_OPTIMIZATION_LEVEL = 0;
				GCC_PREPROCESSOR_DEFINITIONS = (
					"DEBUG=1",
					"$(inherited)",
				);
				GCC_WARN_64_TO_32_BIT_CONVERSION = YES;
				GCC_WARN_ABOUT_RETURN_TYPE = YES_ERROR;
				GCC_WARN_UNDECLARED_SELECTOR = YES;
				GCC_WARN_UNINITIALIZED_AUTOS = YES_AGGRESSIVE;
				GCC_WARN_UNUSED_FUNCTION = YES;
				GCC_WARN_UNUSED_VARIABLE = YES;
				IPHONEOS_DEPLOYMENT_TARGET = 16.0;
				MTL_ENABLE_DEBUG_INFO = INCLUDE_SOURCE;
				MTL_FAST_MATH = YES;
				ONLY_ACTIVE_ARCH = YES;
				SDKROOT = iphoneos;
				SWIFT_ACTIVE_COMPILATION_CONDITIONS = DEBUG;
				SWIFT_OPTIMIZATION_LEVEL = "-Onone";
			};
			name = Debug;
		};
		4444E98D28F9864B00499F48 /* Release */ = {
			isa = XCBuildConfiguration;
			buildSettings = {
				ALWAYS_SEARCH_USER_PATHS = NO;
				CLANG_ANALYZER_LOCALIZABILITY_NONLOCALIZED = YES;
				CLANG_ANALYZER_NONNULL = YES;
				CLANG_ANALYZER_NUMBER_OBJECT_CONVERSION = YES_AGGRESSIVE;
				CLANG_CXX_LANGUAGE_STANDARD = "gnu++20";
				CLANG_ENABLE_MODULES = YES;
				CLANG_ENABLE_OBJC_ARC = YES;
				CLANG_ENABLE_OBJC_WEAK = YES;
				CLANG_WARN_BLOCK_CAPTURE_AUTORELEASING = YES;
				CLANG_WARN_BOOL_CONVERSION = YES;
				CLANG_WARN_COMMA = YES;
				CLANG_WARN_CONSTANT_CONVERSION = YES;
				CLANG_WARN_DEPRECATED_OBJC_IMPLEMENTATIONS = YES;
				CLANG_WARN_DIRECT_OBJC_ISA_USAGE = YES_ERROR;
				CLANG_WARN_DOCUMENTATION_COMMENTS = YES;
				CLANG_WARN_EMPTY_BODY = YES;
				CLANG_WARN_ENUM_CONVERSION = YES;
				CLANG_WARN_INFINITE_RECURSION = YES;
				CLANG_WARN_INT_CONVERSION = YES;
				CLANG_WARN_NON_LITERAL_NULL_CONVERSION = YES;
				CLANG_WARN_OBJC_IMPLICIT_RETAIN_SELF = YES;
				CLANG_WARN_OBJC_LITERAL_CONVERSION = YES;
				CLANG_WARN_OBJC_ROOT_CLASS = YES_ERROR;
				CLANG_WARN_QUOTED_INCLUDE_IN_FRAMEWORK_HEADER = YES;
				CLANG_WARN_RANGE_LOOP_ANALYSIS = YES;
				CLANG_WARN_STRICT_PROTOTYPES = YES;
				CLANG_WARN_SUSPICIOUS_MOVE = YES;
				CLANG_WARN_UNGUARDED_AVAILABILITY = YES_AGGRESSIVE;
				CLANG_WARN_UNREACHABLE_CODE = YES;
				CLANG_WARN__DUPLICATE_METHOD_MATCH = YES;
				COPY_PHASE_STRIP = NO;
				DEBUG_INFORMATION_FORMAT = "dwarf-with-dsym";
				ENABLE_NS_ASSERTIONS = NO;
				ENABLE_STRICT_OBJC_MSGSEND = YES;
				GCC_C_LANGUAGE_STANDARD = gnu11;
				GCC_NO_COMMON_BLOCKS = YES;
				GCC_WARN_64_TO_32_BIT_CONVERSION = YES;
				GCC_WARN_ABOUT_RETURN_TYPE = YES_ERROR;
				GCC_WARN_UNDECLARED_SELECTOR = YES;
				GCC_WARN_UNINITIALIZED_AUTOS = YES_AGGRESSIVE;
				GCC_WARN_UNUSED_FUNCTION = YES;
				GCC_WARN_UNUSED_VARIABLE = YES;
				IPHONEOS_DEPLOYMENT_TARGET = 16.0;
				MTL_ENABLE_DEBUG_INFO = NO;
				MTL_FAST_MATH = YES;
				SDKROOT = iphoneos;
				SWIFT_COMPILATION_MODE = wholemodule;
				SWIFT_OPTIMIZATION_LEVEL = "-O";
				VALIDATE_PRODUCT = YES;
			};
			name = Release;
		};
		4444E98F28F9864B00499F48 /* Debug */ = {
			isa = XCBuildConfiguration;
			buildSettings = {
				ASSETCATALOG_COMPILER_APPICON_NAME = AppIcon;
				ASSETCATALOG_COMPILER_GLOBAL_ACCENT_COLOR_NAME = AccentColor;
				CODE_SIGN_ENTITLEMENTS = UltimatePortfolioApp/UltimatePortfolioApp.entitlements;
				CODE_SIGN_STYLE = Automatic;
				CURRENT_PROJECT_VERSION = 1;
				DEVELOPMENT_ASSET_PATHS = "\"UltimatePortfolioApp/Preview Content\"";
				DEVELOPMENT_TEAM = Z95C3Y6UPR;
				ENABLE_PREVIEWS = YES;
				GENERATE_INFOPLIST_FILE = YES;
				INFOPLIST_FILE = UltimatePortfolioApp/Info.plist;
				INFOPLIST_KEY_UIApplicationSceneManifest_Generation = YES;
				INFOPLIST_KEY_UIApplicationSupportsIndirectInputEvents = YES;
				INFOPLIST_KEY_UILaunchScreen_Generation = YES;
				INFOPLIST_KEY_UISupportedInterfaceOrientations_iPad = "UIInterfaceOrientationPortrait UIInterfaceOrientationPortraitUpsideDown UIInterfaceOrientationLandscapeLeft UIInterfaceOrientationLandscapeRight";
				INFOPLIST_KEY_UISupportedInterfaceOrientations_iPhone = "UIInterfaceOrientationPortrait UIInterfaceOrientationLandscapeLeft UIInterfaceOrientationLandscapeRight";
				LD_RUNPATH_SEARCH_PATHS = (
					"$(inherited)",
					"@executable_path/Frameworks",
				);
				MARKETING_VERSION = 1.0;
				PRODUCT_BUNDLE_IDENTIFIER = com.zacharyuptin.UltimatePortfolioApp;
				PRODUCT_NAME = "$(TARGET_NAME)";
				SWIFT_EMIT_LOC_STRINGS = YES;
				SWIFT_VERSION = 5.0;
				TARGETED_DEVICE_FAMILY = "1,2";
			};
			name = Debug;
		};
		4444E99028F9864B00499F48 /* Release */ = {
			isa = XCBuildConfiguration;
			buildSettings = {
				ASSETCATALOG_COMPILER_APPICON_NAME = AppIcon;
				ASSETCATALOG_COMPILER_GLOBAL_ACCENT_COLOR_NAME = AccentColor;
				CODE_SIGN_ENTITLEMENTS = UltimatePortfolioApp/UltimatePortfolioApp.entitlements;
				CODE_SIGN_STYLE = Automatic;
				CURRENT_PROJECT_VERSION = 1;
				DEVELOPMENT_ASSET_PATHS = "\"UltimatePortfolioApp/Preview Content\"";
				DEVELOPMENT_TEAM = Z95C3Y6UPR;
				ENABLE_PREVIEWS = YES;
				GENERATE_INFOPLIST_FILE = YES;
				INFOPLIST_FILE = UltimatePortfolioApp/Info.plist;
				INFOPLIST_KEY_UIApplicationSceneManifest_Generation = YES;
				INFOPLIST_KEY_UIApplicationSupportsIndirectInputEvents = YES;
				INFOPLIST_KEY_UILaunchScreen_Generation = YES;
				INFOPLIST_KEY_UISupportedInterfaceOrientations_iPad = "UIInterfaceOrientationPortrait UIInterfaceOrientationPortraitUpsideDown UIInterfaceOrientationLandscapeLeft UIInterfaceOrientationLandscapeRight";
				INFOPLIST_KEY_UISupportedInterfaceOrientations_iPhone = "UIInterfaceOrientationPortrait UIInterfaceOrientationLandscapeLeft UIInterfaceOrientationLandscapeRight";
				LD_RUNPATH_SEARCH_PATHS = (
					"$(inherited)",
					"@executable_path/Frameworks",
				);
				MARKETING_VERSION = 1.0;
				PRODUCT_BUNDLE_IDENTIFIER = com.zacharyuptin.UltimatePortfolioApp;
				PRODUCT_NAME = "$(TARGET_NAME)";
				SWIFT_EMIT_LOC_STRINGS = YES;
				SWIFT_VERSION = 5.0;
				TARGETED_DEVICE_FAMILY = "1,2";
			};
			name = Release;
		};
/* End XCBuildConfiguration section */

/* Begin XCConfigurationList section */
		4444E97B28F9864800499F48 /* Build configuration list for PBXProject "UltimatePortfolioApp" */ = {
			isa = XCConfigurationList;
			buildConfigurations = (
				4444E98C28F9864B00499F48 /* Debug */,
				4444E98D28F9864B00499F48 /* Release */,
			);
			defaultConfigurationIsVisible = 0;
			defaultConfigurationName = Release;
		};
		4444E98E28F9864B00499F48 /* Build configuration list for PBXNativeTarget "UltimatePortfolioApp" */ = {
			isa = XCConfigurationList;
			buildConfigurations = (
				4444E98F28F9864B00499F48 /* Debug */,
				4444E99028F9864B00499F48 /* Release */,
			);
			defaultConfigurationIsVisible = 0;
			defaultConfigurationName = Release;
		};
/* End XCConfigurationList section */

/* Begin XCVersionGroup section */
		4444E99128F986E400499F48 /* Main.xcdatamodeld */ = {
			isa = XCVersionGroup;
			children = (
				4444E99228F986E400499F48 /* Main.xcdatamodel */,
			);
			currentVersion = 4444E99228F986E400499F48 /* Main.xcdatamodel */;
			path = Main.xcdatamodeld;
			sourceTree = "<group>";
			versionGroupType = wrapper.xcdatamodel;
		};
/* End XCVersionGroup section */
	};
	rootObject = 4444E97828F9864800499F48 /* Project object */;
}
