// !$*UTF8*$!
{
	archiveVersion = 1;
	classes = {
	};
	objectVersion = 56;
	objects = {

/* Begin PBXBuildFile section */
		44233F2129C2CDEF00DAAFC5 /* UltimatePortfolioAppTests.swift in Sources */ = {isa = PBXBuildFile; fileRef = 44233F2029C2CDEF00DAAFC5 /* UltimatePortfolioAppTests.swift */; };
		44233F2829C2CFA400DAAFC5 /* AssetTests.swift in Sources */ = {isa = PBXBuildFile; fileRef = 44233F2729C2CFA400DAAFC5 /* AssetTests.swift */; };
		44233F2C29C2D2BA00DAAFC5 /* ProjectTests.swift in Sources */ = {isa = PBXBuildFile; fileRef = 44233F2B29C2D2BA00DAAFC5 /* ProjectTests.swift */; };
		44233F2E29C2D5CF00DAAFC5 /* AwardTests.swift in Sources */ = {isa = PBXBuildFile; fileRef = 44233F2D29C2D5CF00DAAFC5 /* AwardTests.swift */; };
		44233F3029C2E7EC00DAAFC5 /* DevelopmentTests.swift in Sources */ = {isa = PBXBuildFile; fileRef = 44233F2F29C2E7EC00DAAFC5 /* DevelopmentTests.swift */; };
		44233F3229C2F85100DAAFC5 /* ExtensionTests.swift in Sources */ = {isa = PBXBuildFile; fileRef = 44233F3129C2F85100DAAFC5 /* ExtensionTests.swift */; };
		44233F3429C2F92400DAAFC5 /* Sequence-Sorting.swift in Sources */ = {isa = PBXBuildFile; fileRef = 44233F3329C2F92400DAAFC5 /* Sequence-Sorting.swift */; };
		44233F3729C2FC4F00DAAFC5 /* DecodableDictionary.json in Resources */ = {isa = PBXBuildFile; fileRef = 44233F3629C2FC4F00DAAFC5 /* DecodableDictionary.json */; };
		44233F3929C2FC8A00DAAFC5 /* DecodableString.json in Resources */ = {isa = PBXBuildFile; fileRef = 44233F3829C2FC8A00DAAFC5 /* DecodableString.json */; };
		44233F3B29C3084F00DAAFC5 /* PerformanceTests.swift in Sources */ = {isa = PBXBuildFile; fileRef = 44233F3A29C3084F00DAAFC5 /* PerformanceTests.swift */; };
		44233F4329C330AE00DAAFC5 /* UltimatePortfolioAppUITests.swift in Sources */ = {isa = PBXBuildFile; fileRef = 44233F4229C330AE00DAAFC5 /* UltimatePortfolioAppUITests.swift */; };
		44233F4529C330AE00DAAFC5 /* UltimatePortfolioAppUITestsLaunchTests.swift in Sources */ = {isa = PBXBuildFile; fileRef = 44233F4429C330AE00DAAFC5 /* UltimatePortfolioAppUITestsLaunchTests.swift */; };
		4444E98428F9864800499F48 /* UltimatePortfolioAppApp.swift in Sources */ = {isa = PBXBuildFile; fileRef = 4444E98328F9864800499F48 /* UltimatePortfolioAppApp.swift */; };
		4444E98628F9864800499F48 /* ContentView.swift in Sources */ = {isa = PBXBuildFile; fileRef = 4444E98528F9864800499F48 /* ContentView.swift */; };
		4444E98828F9864B00499F48 /* Assets.xcassets in Resources */ = {isa = PBXBuildFile; fileRef = 4444E98728F9864B00499F48 /* Assets.xcassets */; };
		4444E98B28F9864B00499F48 /* Preview Assets.xcassets in Resources */ = {isa = PBXBuildFile; fileRef = 4444E98A28F9864B00499F48 /* Preview Assets.xcassets */; };
		4444E99328F986E400499F48 /* Main.xcdatamodeld in Sources */ = {isa = PBXBuildFile; fileRef = 4444E99128F986E400499F48 /* Main.xcdatamodeld */; };
		4444E99528F98A0E00499F48 /* DataController.swift in Sources */ = {isa = PBXBuildFile; fileRef = 4444E99428F98A0E00499F48 /* DataController.swift */; };
		444E47A629C04C6F00A0784A /* Awards.json in Resources */ = {isa = PBXBuildFile; fileRef = 444E47A429C04C6F00A0784A /* Awards.json */; };
		44563DB929C8271600E2A9B9 /* UnlockManager.swift in Sources */ = {isa = PBXBuildFile; fileRef = 44563DB829C8271600E2A9B9 /* UnlockManager.swift */; };
		44563DBC29C8390100E2A9B9 /* SKProduct-LocalizedPrice.swift in Sources */ = {isa = PBXBuildFile; fileRef = 44563DBB29C8390100E2A9B9 /* SKProduct-LocalizedPrice.swift */; };
		44563DBE29C83C6E00E2A9B9 /* PurchaseButton.swift in Sources */ = {isa = PBXBuildFile; fileRef = 44563DBD29C83C6E00E2A9B9 /* PurchaseButton.swift */; };
		44563DC029C83DCC00E2A9B9 /* ProductView.swift in Sources */ = {isa = PBXBuildFile; fileRef = 44563DBF29C83DCC00E2A9B9 /* ProductView.swift */; };
		44563DC229C83F5A00E2A9B9 /* UnlockView.swift in Sources */ = {isa = PBXBuildFile; fileRef = 44563DC129C83F5A00E2A9B9 /* UnlockView.swift */; };
		4482A4F5290968A4006A5C0D /* Color-Additions.swift in Sources */ = {isa = PBXBuildFile; fileRef = 4482A4F4290968A4006A5C0D /* Color-Additions.swift */; };
		44884D792902C97B007397ED /* HomeView.swift in Sources */ = {isa = PBXBuildFile; fileRef = 44884D782902C97B007397ED /* HomeView.swift */; };
		44884D7B2902CA0E007397ED /* ProjectsView.swift in Sources */ = {isa = PBXBuildFile; fileRef = 44884D7A2902CA0E007397ED /* ProjectsView.swift */; };
		44884D7D29063199007397ED /* Item-CoreDataHelpers.swift in Sources */ = {isa = PBXBuildFile; fileRef = 44884D7C29063199007397ED /* Item-CoreDataHelpers.swift */; };
		44884D7F2906329D007397ED /* Project-CoreDataHelpers.swift in Sources */ = {isa = PBXBuildFile; fileRef = 44884D7E2906329D007397ED /* Project-CoreDataHelpers.swift */; };
		44884DA529064817007397ED /* EditItemView.swift in Sources */ = {isa = PBXBuildFile; fileRef = 44884DA429064817007397ED /* EditItemView.swift */; };
		44884DA729064C48007397ED /* ItemRowView.swift in Sources */ = {isa = PBXBuildFile; fileRef = 44884DA629064C48007397ED /* ItemRowView.swift */; };
		44884DA9290654B3007397ED /* Binding-OnChange.swift in Sources */ = {isa = PBXBuildFile; fileRef = 44884DA8290654B3007397ED /* Binding-OnChange.swift */; };
		44884DAB29065E6A007397ED /* ProjectHeaderView.swift in Sources */ = {isa = PBXBuildFile; fileRef = 44884DAA29065E6A007397ED /* ProjectHeaderView.swift */; };
		44884DAD290661A6007397ED /* Colors.xcassets in Resources */ = {isa = PBXBuildFile; fileRef = 44884DAC290661A6007397ED /* Colors.xcassets */; };
		44884DAF290662A2007397ED /* EditProjectView.swift in Sources */ = {isa = PBXBuildFile; fileRef = 44884DAE290662A2007397ED /* EditProjectView.swift */; };
		4497CF2E29C9415D0047E7B9 /* AppDelegate.swift in Sources */ = {isa = PBXBuildFile; fileRef = 4497CF2D29C9415D0047E7B9 /* AppDelegate.swift */; };
		4497CF3029C941640047E7B9 /* SceneDelegate.swift in Sources */ = {isa = PBXBuildFile; fileRef = 4497CF2F29C941640047E7B9 /* SceneDelegate.swift */; };
		4497CF3829C949640047E7B9 /* WidgetKit.framework in Frameworks */ = {isa = PBXBuildFile; fileRef = 4497CF3729C949640047E7B9 /* WidgetKit.framework */; };
		4497CF3A29C949640047E7B9 /* SwiftUI.framework in Frameworks */ = {isa = PBXBuildFile; fileRef = 4497CF3929C949640047E7B9 /* SwiftUI.framework */; };
		4497CF3D29C949650047E7B9 /* PortfolioWidgetBundle.swift in Sources */ = {isa = PBXBuildFile; fileRef = 4497CF3C29C949650047E7B9 /* PortfolioWidgetBundle.swift */; };
		4497CF4129C949660047E7B9 /* Assets.xcassets in Resources */ = {isa = PBXBuildFile; fileRef = 4497CF4029C949660047E7B9 /* Assets.xcassets */; };
		4497CF4529C949660047E7B9 /* PortfolioWidgetExtension.appex in Embed Foundation Extensions */ = {isa = PBXBuildFile; fileRef = 4497CF3529C949640047E7B9 /* PortfolioWidgetExtension.appex */; settings = {ATTRIBUTES = (RemoveHeadersOnCopy, ); }; };
		4497CF4B29C94A3B0047E7B9 /* Main.xcdatamodeld in Sources */ = {isa = PBXBuildFile; fileRef = 4444E99128F986E400499F48 /* Main.xcdatamodeld */; };
		4497CF4C29C94A6B0047E7B9 /* Item-CoreDataHelpers.swift in Sources */ = {isa = PBXBuildFile; fileRef = 44884D7C29063199007397ED /* Item-CoreDataHelpers.swift */; };
		4497CF4D29C94A720047E7B9 /* DataController.swift in Sources */ = {isa = PBXBuildFile; fileRef = 4444E99428F98A0E00499F48 /* DataController.swift */; };
		4497CF4F29C94B130047E7B9 /* DataController-Reminders.swift in Sources */ = {isa = PBXBuildFile; fileRef = 4497CF4E29C94B130047E7B9 /* DataController-Reminders.swift */; };
		4497CF5129C94B780047E7B9 /* DataController-Award.swift in Sources */ = {isa = PBXBuildFile; fileRef = 4497CF5029C94B780047E7B9 /* DataController-Award.swift */; };
		4497CF5329C94BCD0047E7B9 /* DataController-StoreKit.swift in Sources */ = {isa = PBXBuildFile; fileRef = 4497CF5229C94BCD0047E7B9 /* DataController-StoreKit.swift */; };
		4497CF5629C96EE80047E7B9 /* Colors.xcassets in Resources */ = {isa = PBXBuildFile; fileRef = 44884DAC290661A6007397ED /* Colors.xcassets */; };
		4497CF5729C96EF70047E7B9 /* Project-CoreDataHelpers.swift in Sources */ = {isa = PBXBuildFile; fileRef = 44884D7E2906329D007397ED /* Project-CoreDataHelpers.swift */; };
		4497CF5829C96F080047E7B9 /* Sequence-Sorting.swift in Sources */ = {isa = PBXBuildFile; fileRef = 44233F3329C2F92400DAAFC5 /* Sequence-Sorting.swift */; };
		4497CF6029C979010047E7B9 /* DataProvider.swift in Sources */ = {isa = PBXBuildFile; fileRef = 4497CF5F29C979010047E7B9 /* DataProvider.swift */; };
		4497CF6229C9793F0047E7B9 /* SimpleWidget.swift in Sources */ = {isa = PBXBuildFile; fileRef = 4497CF6129C9793F0047E7B9 /* SimpleWidget.swift */; };
		4497CF6429C979960047E7B9 /* ComplexWidget.swift in Sources */ = {isa = PBXBuildFile; fileRef = 4497CF6329C979960047E7B9 /* ComplexWidget.swift */; };
		44A604BA299A153500A1969B /* ItemListView.swift in Sources */ = {isa = PBXBuildFile; fileRef = 44A604B9299A153500A1969B /* ItemListView.swift */; };
		44A604BC299A172100A1969B /* ProjectSummaryView.swift in Sources */ = {isa = PBXBuildFile; fileRef = 44A604BB299A172100A1969B /* ProjectSummaryView.swift */; };
		44AFB4F329C725730034B30E /* ProjectsViewModel.swift in Sources */ = {isa = PBXBuildFile; fileRef = 44AFB4F229C725730034B30E /* ProjectsViewModel.swift */; };
		44AFB4F529C731330034B30E /* HomeViewModel.swift in Sources */ = {isa = PBXBuildFile; fileRef = 44AFB4F429C731330034B30E /* HomeViewModel.swift */; };
		44AFB4F729C7377E0034B30E /* ItemRowViewModel.swift in Sources */ = {isa = PBXBuildFile; fileRef = 44AFB4F629C7377E0034B30E /* ItemRowViewModel.swift */; };
		44C998392907BC5200B2CCC0 /* SelectSomethingView.swift in Sources */ = {isa = PBXBuildFile; fileRef = 44C998382907BC5200B2CCC0 /* SelectSomethingView.swift */; };
		44C9983B2907BE5200B2CCC0 /* Bundle-Decodable.swift in Sources */ = {isa = PBXBuildFile; fileRef = 44C9983A2907BE5200B2CCC0 /* Bundle-Decodable.swift */; };
		44C9983F2907C4C300B2CCC0 /* Award.swift in Sources */ = {isa = PBXBuildFile; fileRef = 44C9983E2907C4C300B2CCC0 /* Award.swift */; };
		44C998412907C56F00B2CCC0 /* AwardsView.swift in Sources */ = {isa = PBXBuildFile; fileRef = 44C998402907C56F00B2CCC0 /* AwardsView.swift */; };
/* End PBXBuildFile section */

/* Begin PBXContainerItemProxy section */
		44233F2229C2CDEF00DAAFC5 /* PBXContainerItemProxy */ = {
			isa = PBXContainerItemProxy;
			containerPortal = 4444E97828F9864800499F48 /* Project object */;
			proxyType = 1;
			remoteGlobalIDString = 4444E97F28F9864800499F48;
			remoteInfo = UltimatePortfolioApp;
		};
		44233F4629C330AE00DAAFC5 /* PBXContainerItemProxy */ = {
			isa = PBXContainerItemProxy;
			containerPortal = 4444E97828F9864800499F48 /* Project object */;
			proxyType = 1;
			remoteGlobalIDString = 4444E97F28F9864800499F48;
			remoteInfo = UltimatePortfolioApp;
		};
		4497CF4329C949660047E7B9 /* PBXContainerItemProxy */ = {
			isa = PBXContainerItemProxy;
			containerPortal = 4444E97828F9864800499F48 /* Project object */;
			proxyType = 1;
			remoteGlobalIDString = 4497CF3429C949640047E7B9;
			remoteInfo = PortfolioWidgetExtension;
		};
/* End PBXContainerItemProxy section */

/* Begin PBXCopyFilesBuildPhase section */
		4497CF4929C949660047E7B9 /* Embed Foundation Extensions */ = {
			isa = PBXCopyFilesBuildPhase;
			buildActionMask = 2147483647;
			dstPath = "";
			dstSubfolderSpec = 13;
			files = (
				4497CF4529C949660047E7B9 /* PortfolioWidgetExtension.appex in Embed Foundation Extensions */,
			);
			name = "Embed Foundation Extensions";
			runOnlyForDeploymentPostprocessing = 0;
		};
/* End PBXCopyFilesBuildPhase section */

/* Begin PBXFileReference section */
		44233F1E29C2CDEF00DAAFC5 /* UltimatePortfolioAppTests.xctest */ = {isa = PBXFileReference; explicitFileType = wrapper.cfbundle; includeInIndex = 0; path = UltimatePortfolioAppTests.xctest; sourceTree = BUILT_PRODUCTS_DIR; };
		44233F2029C2CDEF00DAAFC5 /* UltimatePortfolioAppTests.swift */ = {isa = PBXFileReference; lastKnownFileType = sourcecode.swift; path = UltimatePortfolioAppTests.swift; sourceTree = "<group>"; };
		44233F2729C2CFA400DAAFC5 /* AssetTests.swift */ = {isa = PBXFileReference; lastKnownFileType = sourcecode.swift; path = AssetTests.swift; sourceTree = "<group>"; };
		44233F2B29C2D2BA00DAAFC5 /* ProjectTests.swift */ = {isa = PBXFileReference; lastKnownFileType = sourcecode.swift; path = ProjectTests.swift; sourceTree = "<group>"; };
		44233F2D29C2D5CF00DAAFC5 /* AwardTests.swift */ = {isa = PBXFileReference; lastKnownFileType = sourcecode.swift; path = AwardTests.swift; sourceTree = "<group>"; };
		44233F2F29C2E7EC00DAAFC5 /* DevelopmentTests.swift */ = {isa = PBXFileReference; lastKnownFileType = sourcecode.swift; path = DevelopmentTests.swift; sourceTree = "<group>"; };
		44233F3129C2F85100DAAFC5 /* ExtensionTests.swift */ = {isa = PBXFileReference; lastKnownFileType = sourcecode.swift; path = ExtensionTests.swift; sourceTree = "<group>"; };
		44233F3329C2F92400DAAFC5 /* Sequence-Sorting.swift */ = {isa = PBXFileReference; lastKnownFileType = sourcecode.swift; path = "Sequence-Sorting.swift"; sourceTree = "<group>"; };
		44233F3629C2FC4F00DAAFC5 /* DecodableDictionary.json */ = {isa = PBXFileReference; lastKnownFileType = text.json; path = DecodableDictionary.json; sourceTree = "<group>"; };
		44233F3829C2FC8A00DAAFC5 /* DecodableString.json */ = {isa = PBXFileReference; lastKnownFileType = text.json; path = DecodableString.json; sourceTree = "<group>"; };
		44233F3A29C3084F00DAAFC5 /* PerformanceTests.swift */ = {isa = PBXFileReference; lastKnownFileType = sourcecode.swift; path = PerformanceTests.swift; sourceTree = "<group>"; };
		44233F4029C330AE00DAAFC5 /* UltimatePortfolioAppUITests.xctest */ = {isa = PBXFileReference; explicitFileType = wrapper.cfbundle; includeInIndex = 0; path = UltimatePortfolioAppUITests.xctest; sourceTree = BUILT_PRODUCTS_DIR; };
		44233F4229C330AE00DAAFC5 /* UltimatePortfolioAppUITests.swift */ = {isa = PBXFileReference; lastKnownFileType = sourcecode.swift; path = UltimatePortfolioAppUITests.swift; sourceTree = "<group>"; };
		44233F4429C330AE00DAAFC5 /* UltimatePortfolioAppUITestsLaunchTests.swift */ = {isa = PBXFileReference; lastKnownFileType = sourcecode.swift; path = UltimatePortfolioAppUITestsLaunchTests.swift; sourceTree = "<group>"; };
		4444E98028F9864800499F48 /* UltimatePortfolioApp.app */ = {isa = PBXFileReference; explicitFileType = wrapper.application; includeInIndex = 0; path = UltimatePortfolioApp.app; sourceTree = BUILT_PRODUCTS_DIR; };
		4444E98328F9864800499F48 /* UltimatePortfolioAppApp.swift */ = {isa = PBXFileReference; lastKnownFileType = sourcecode.swift; path = UltimatePortfolioAppApp.swift; sourceTree = "<group>"; };
		4444E98528F9864800499F48 /* ContentView.swift */ = {isa = PBXFileReference; lastKnownFileType = sourcecode.swift; path = ContentView.swift; sourceTree = "<group>"; };
		4444E98728F9864B00499F48 /* Assets.xcassets */ = {isa = PBXFileReference; lastKnownFileType = folder.assetcatalog; path = Assets.xcassets; sourceTree = "<group>"; };
		4444E98A28F9864B00499F48 /* Preview Assets.xcassets */ = {isa = PBXFileReference; lastKnownFileType = folder.assetcatalog; path = "Preview Assets.xcassets"; sourceTree = "<group>"; };
		4444E99228F986E400499F48 /* Main.xcdatamodel */ = {isa = PBXFileReference; lastKnownFileType = wrapper.xcdatamodel; path = Main.xcdatamodel; sourceTree = "<group>"; };
		4444E99428F98A0E00499F48 /* DataController.swift */ = {isa = PBXFileReference; lastKnownFileType = sourcecode.swift; path = DataController.swift; sourceTree = "<group>"; };
		4444E99628F9918B00499F48 /* UltimatePortfolioApp.entitlements */ = {isa = PBXFileReference; lastKnownFileType = text.plist.entitlements; path = UltimatePortfolioApp.entitlements; sourceTree = "<group>"; };
		4444E99728F9919100499F48 /* Info.plist */ = {isa = PBXFileReference; lastKnownFileType = text.plist; path = Info.plist; sourceTree = "<group>"; };
		444E47A529C04C6F00A0784A /* en */ = {isa = PBXFileReference; lastKnownFileType = text.json; name = en; path = "../../../../../Downloads/portfolio-i18n 4/en.lproj/Awards.json"; sourceTree = "<group>"; };
		444E47B329C0948200A0784A /* hu */ = {isa = PBXFileReference; lastKnownFileType = text.json; name = hu; path = "../../../../../Downloads/portfolio-i18n 4/hu.lproj/Awards.json"; sourceTree = "<group>"; };
		44563DB829C8271600E2A9B9 /* UnlockManager.swift */ = {isa = PBXFileReference; lastKnownFileType = sourcecode.swift; path = UnlockManager.swift; sourceTree = "<group>"; };
		44563DBB29C8390100E2A9B9 /* SKProduct-LocalizedPrice.swift */ = {isa = PBXFileReference; lastKnownFileType = sourcecode.swift; path = "SKProduct-LocalizedPrice.swift"; sourceTree = "<group>"; };
		44563DBD29C83C6E00E2A9B9 /* PurchaseButton.swift */ = {isa = PBXFileReference; lastKnownFileType = sourcecode.swift; path = PurchaseButton.swift; sourceTree = "<group>"; };
		44563DBF29C83DCC00E2A9B9 /* ProductView.swift */ = {isa = PBXFileReference; lastKnownFileType = sourcecode.swift; path = ProductView.swift; sourceTree = "<group>"; };
		44563DC129C83F5A00E2A9B9 /* UnlockView.swift */ = {isa = PBXFileReference; lastKnownFileType = sourcecode.swift; path = UnlockView.swift; sourceTree = "<group>"; };
		4482A4F4290968A4006A5C0D /* Color-Additions.swift */ = {isa = PBXFileReference; lastKnownFileType = sourcecode.swift; path = "Color-Additions.swift"; sourceTree = "<group>"; };
		44884D782902C97B007397ED /* HomeView.swift */ = {isa = PBXFileReference; lastKnownFileType = sourcecode.swift; path = HomeView.swift; sourceTree = "<group>"; };
		44884D7A2902CA0E007397ED /* ProjectsView.swift */ = {isa = PBXFileReference; lastKnownFileType = sourcecode.swift; path = ProjectsView.swift; sourceTree = "<group>"; };
		44884D7C29063199007397ED /* Item-CoreDataHelpers.swift */ = {isa = PBXFileReference; lastKnownFileType = sourcecode.swift; path = "Item-CoreDataHelpers.swift"; sourceTree = "<group>"; };
		44884D7E2906329D007397ED /* Project-CoreDataHelpers.swift */ = {isa = PBXFileReference; lastKnownFileType = sourcecode.swift; path = "Project-CoreDataHelpers.swift"; sourceTree = "<group>"; };
		44884DA429064817007397ED /* EditItemView.swift */ = {isa = PBXFileReference; lastKnownFileType = sourcecode.swift; path = EditItemView.swift; sourceTree = "<group>"; };
		44884DA629064C48007397ED /* ItemRowView.swift */ = {isa = PBXFileReference; lastKnownFileType = sourcecode.swift; path = ItemRowView.swift; sourceTree = "<group>"; };
		44884DA8290654B3007397ED /* Binding-OnChange.swift */ = {isa = PBXFileReference; lastKnownFileType = sourcecode.swift; path = "Binding-OnChange.swift"; sourceTree = "<group>"; };
		44884DAA29065E6A007397ED /* ProjectHeaderView.swift */ = {isa = PBXFileReference; lastKnownFileType = sourcecode.swift; path = ProjectHeaderView.swift; sourceTree = "<group>"; };
		44884DAC290661A6007397ED /* Colors.xcassets */ = {isa = PBXFileReference; lastKnownFileType = folder.assetcatalog; path = Colors.xcassets; sourceTree = "<group>"; };
		44884DAE290662A2007397ED /* EditProjectView.swift */ = {isa = PBXFileReference; lastKnownFileType = sourcecode.swift; path = EditProjectView.swift; sourceTree = "<group>"; };
		4497CF2B29C84C980047E7B9 /* Configuration.storekit */ = {isa = PBXFileReference; lastKnownFileType = text; path = Configuration.storekit; sourceTree = "<group>"; };
		4497CF2D29C9415D0047E7B9 /* AppDelegate.swift */ = {isa = PBXFileReference; lastKnownFileType = sourcecode.swift; path = AppDelegate.swift; sourceTree = "<group>"; };
		4497CF2F29C941640047E7B9 /* SceneDelegate.swift */ = {isa = PBXFileReference; lastKnownFileType = sourcecode.swift; path = SceneDelegate.swift; sourceTree = "<group>"; };
		4497CF3529C949640047E7B9 /* PortfolioWidgetExtension.appex */ = {isa = PBXFileReference; explicitFileType = "wrapper.app-extension"; includeInIndex = 0; path = PortfolioWidgetExtension.appex; sourceTree = BUILT_PRODUCTS_DIR; };
		4497CF3729C949640047E7B9 /* WidgetKit.framework */ = {isa = PBXFileReference; lastKnownFileType = wrapper.framework; name = WidgetKit.framework; path = System/Library/Frameworks/WidgetKit.framework; sourceTree = SDKROOT; };
		4497CF3929C949640047E7B9 /* SwiftUI.framework */ = {isa = PBXFileReference; lastKnownFileType = wrapper.framework; name = SwiftUI.framework; path = System/Library/Frameworks/SwiftUI.framework; sourceTree = SDKROOT; };
		4497CF3C29C949650047E7B9 /* PortfolioWidgetBundle.swift */ = {isa = PBXFileReference; lastKnownFileType = sourcecode.swift; path = PortfolioWidgetBundle.swift; sourceTree = "<group>"; };
		4497CF4029C949660047E7B9 /* Assets.xcassets */ = {isa = PBXFileReference; lastKnownFileType = folder.assetcatalog; path = Assets.xcassets; sourceTree = "<group>"; };
		4497CF4229C949660047E7B9 /* Info.plist */ = {isa = PBXFileReference; lastKnownFileType = text.plist.xml; path = Info.plist; sourceTree = "<group>"; };
		4497CF4E29C94B130047E7B9 /* DataController-Reminders.swift */ = {isa = PBXFileReference; lastKnownFileType = sourcecode.swift; path = "DataController-Reminders.swift"; sourceTree = "<group>"; };
		4497CF5029C94B780047E7B9 /* DataController-Award.swift */ = {isa = PBXFileReference; lastKnownFileType = sourcecode.swift; path = "DataController-Award.swift"; sourceTree = "<group>"; };
		4497CF5229C94BCD0047E7B9 /* DataController-StoreKit.swift */ = {isa = PBXFileReference; lastKnownFileType = sourcecode.swift; path = "DataController-StoreKit.swift"; sourceTree = "<group>"; };
		4497CF5429C95F990047E7B9 /* PortfolioWidgetExtension.entitlements */ = {isa = PBXFileReference; lastKnownFileType = text.plist.entitlements; path = PortfolioWidgetExtension.entitlements; sourceTree = "<group>"; };
		4497CF5F29C979010047E7B9 /* DataProvider.swift */ = {isa = PBXFileReference; lastKnownFileType = sourcecode.swift; path = DataProvider.swift; sourceTree = "<group>"; };
		4497CF6129C9793F0047E7B9 /* SimpleWidget.swift */ = {isa = PBXFileReference; lastKnownFileType = sourcecode.swift; path = SimpleWidget.swift; sourceTree = "<group>"; };
		4497CF6329C979960047E7B9 /* ComplexWidget.swift */ = {isa = PBXFileReference; lastKnownFileType = sourcecode.swift; path = ComplexWidget.swift; sourceTree = "<group>"; };
		44A604B9299A153500A1969B /* ItemListView.swift */ = {isa = PBXFileReference; lastKnownFileType = sourcecode.swift; path = ItemListView.swift; sourceTree = "<group>"; };
		44A604BB299A172100A1969B /* ProjectSummaryView.swift */ = {isa = PBXFileReference; lastKnownFileType = sourcecode.swift; path = ProjectSummaryView.swift; sourceTree = "<group>"; };
		44AFB4F229C725730034B30E /* ProjectsViewModel.swift */ = {isa = PBXFileReference; lastKnownFileType = sourcecode.swift; path = ProjectsViewModel.swift; sourceTree = "<group>"; };
		44AFB4F429C731330034B30E /* HomeViewModel.swift */ = {isa = PBXFileReference; lastKnownFileType = sourcecode.swift; path = HomeViewModel.swift; sourceTree = "<group>"; };
		44AFB4F629C7377E0034B30E /* ItemRowViewModel.swift */ = {isa = PBXFileReference; lastKnownFileType = sourcecode.swift; path = ItemRowViewModel.swift; sourceTree = "<group>"; };
		44C998382907BC5200B2CCC0 /* SelectSomethingView.swift */ = {isa = PBXFileReference; lastKnownFileType = sourcecode.swift; path = SelectSomethingView.swift; sourceTree = "<group>"; };
		44C9983A2907BE5200B2CCC0 /* Bundle-Decodable.swift */ = {isa = PBXFileReference; lastKnownFileType = sourcecode.swift; path = "Bundle-Decodable.swift"; sourceTree = "<group>"; };
		44C9983E2907C4C300B2CCC0 /* Award.swift */ = {isa = PBXFileReference; lastKnownFileType = sourcecode.swift; path = Award.swift; sourceTree = "<group>"; };
		44C998402907C56F00B2CCC0 /* AwardsView.swift */ = {isa = PBXFileReference; lastKnownFileType = sourcecode.swift; path = AwardsView.swift; sourceTree = "<group>"; };
/* End PBXFileReference section */

/* Begin PBXFrameworksBuildPhase section */
		44233F1B29C2CDEF00DAAFC5 /* Frameworks */ = {
			isa = PBXFrameworksBuildPhase;
			buildActionMask = 2147483647;
			files = (
			);
			runOnlyForDeploymentPostprocessing = 0;
		};
		44233F3D29C330AE00DAAFC5 /* Frameworks */ = {
			isa = PBXFrameworksBuildPhase;
			buildActionMask = 2147483647;
			files = (
			);
			runOnlyForDeploymentPostprocessing = 0;
		};
		4444E97D28F9864800499F48 /* Frameworks */ = {
			isa = PBXFrameworksBuildPhase;
			buildActionMask = 2147483647;
			files = (
			);
			runOnlyForDeploymentPostprocessing = 0;
		};
		4497CF3229C949640047E7B9 /* Frameworks */ = {
			isa = PBXFrameworksBuildPhase;
			buildActionMask = 2147483647;
			files = (
				4497CF3A29C949640047E7B9 /* SwiftUI.framework in Frameworks */,
				4497CF3829C949640047E7B9 /* WidgetKit.framework in Frameworks */,
			);
			runOnlyForDeploymentPostprocessing = 0;
		};
/* End PBXFrameworksBuildPhase section */

/* Begin PBXGroup section */
		44233F1F29C2CDEF00DAAFC5 /* UltimatePortfolioAppTests */ = {
			isa = PBXGroup;
			children = (
				44233F3529C2FC2600DAAFC5 /* Fixtures */,
				44233F2029C2CDEF00DAAFC5 /* UltimatePortfolioAppTests.swift */,
				44233F2729C2CFA400DAAFC5 /* AssetTests.swift */,
				44233F2B29C2D2BA00DAAFC5 /* ProjectTests.swift */,
				44233F2D29C2D5CF00DAAFC5 /* AwardTests.swift */,
				44233F2F29C2E7EC00DAAFC5 /* DevelopmentTests.swift */,
				44233F3129C2F85100DAAFC5 /* ExtensionTests.swift */,
				44233F3A29C3084F00DAAFC5 /* PerformanceTests.swift */,
			);
			path = UltimatePortfolioAppTests;
			sourceTree = "<group>";
		};
		44233F3529C2FC2600DAAFC5 /* Fixtures */ = {
			isa = PBXGroup;
			children = (
				44233F3629C2FC4F00DAAFC5 /* DecodableDictionary.json */,
				44233F3829C2FC8A00DAAFC5 /* DecodableString.json */,
			);
			path = Fixtures;
			sourceTree = "<group>";
		};
		44233F4129C330AE00DAAFC5 /* UltimatePortfolioAppUITests */ = {
			isa = PBXGroup;
			children = (
				44233F4229C330AE00DAAFC5 /* UltimatePortfolioAppUITests.swift */,
				44233F4429C330AE00DAAFC5 /* UltimatePortfolioAppUITestsLaunchTests.swift */,
			);
			path = UltimatePortfolioAppUITests;
			sourceTree = "<group>";
		};
		442A738A29C099AE00C32210 /* Localization */ = {
			isa = PBXGroup;
			children = (
			);
			path = Localization;
			sourceTree = "<group>";
		};
		442A738B29C099C600C32210 /* Extensions */ = {
			isa = PBXGroup;
			children = (
				44563DBB29C8390100E2A9B9 /* SKProduct-LocalizedPrice.swift */,
				44884DA8290654B3007397ED /* Binding-OnChange.swift */,
				4482A4F4290968A4006A5C0D /* Color-Additions.swift */,
				44C9983A2907BE5200B2CCC0 /* Bundle-Decodable.swift */,
				44884D7C29063199007397ED /* Item-CoreDataHelpers.swift */,
				44884D7E2906329D007397ED /* Project-CoreDataHelpers.swift */,
				44233F3329C2F92400DAAFC5 /* Sequence-Sorting.swift */,
			);
			path = Extensions;
			sourceTree = "<group>";
		};
		442A738C29C099CF00C32210 /* Controllers */ = {
			isa = PBXGroup;
			children = (
				4444E99428F98A0E00499F48 /* DataController.swift */,
				4497CF4E29C94B130047E7B9 /* DataController-Reminders.swift */,
				4497CF5029C94B780047E7B9 /* DataController-Award.swift */,
				4497CF5229C94BCD0047E7B9 /* DataController-StoreKit.swift */,
			);
			path = Controllers;
			sourceTree = "<group>";
		};
		442A738D29C099D600C32210 /* Activities */ = {
			isa = PBXGroup;
			children = (
				442A739029C099F800C32210 /* Home */,
				442A738F29C099EE00C32210 /* Projects */,
				442A738E29C099E200C32210 /* Awards */,
			);
			path = Activities;
			sourceTree = "<group>";
		};
		442A738E29C099E200C32210 /* Awards */ = {
			isa = PBXGroup;
			children = (
				44C9983E2907C4C300B2CCC0 /* Award.swift */,
				44C998402907C56F00B2CCC0 /* AwardsView.swift */,
				444E47A429C04C6F00A0784A /* Awards.json */,
			);
			path = Awards;
			sourceTree = "<group>";
		};
		442A738F29C099EE00C32210 /* Projects */ = {
			isa = PBXGroup;
			children = (
				44884D7A2902CA0E007397ED /* ProjectsView.swift */,
				44AFB4F229C725730034B30E /* ProjectsViewModel.swift */,
				44884DA629064C48007397ED /* ItemRowView.swift */,
				44AFB4F629C7377E0034B30E /* ItemRowViewModel.swift */,
				44C998382907BC5200B2CCC0 /* SelectSomethingView.swift */,
				44884DAA29065E6A007397ED /* ProjectHeaderView.swift */,
				44884DAE290662A2007397ED /* EditProjectView.swift */,
				44884DA429064817007397ED /* EditItemView.swift */,
			);
			path = Projects;
			sourceTree = "<group>";
		};
		442A739029C099F800C32210 /* Home */ = {
			isa = PBXGroup;
			children = (
				44884D782902C97B007397ED /* HomeView.swift */,
				44AFB4F429C731330034B30E /* HomeViewModel.swift */,
				44A604BB299A172100A1969B /* ProjectSummaryView.swift */,
				44A604B9299A153500A1969B /* ItemListView.swift */,
			);
			path = Home;
			sourceTree = "<group>";
		};
		442A739129C09A7100C32210 /* Configuration */ = {
			isa = PBXGroup;
			children = (
				4444E99128F986E400499F48 /* Main.xcdatamodeld */,
				4497CF2B29C84C980047E7B9 /* Configuration.storekit */,
			);
			path = Configuration;
			sourceTree = "<group>";
		};
		4444E97728F9864800499F48 = {
			isa = PBXGroup;
			children = (
				4497CF5429C95F990047E7B9 /* PortfolioWidgetExtension.entitlements */,
				4444E98228F9864800499F48 /* UltimatePortfolioApp */,
				44233F1F29C2CDEF00DAAFC5 /* UltimatePortfolioAppTests */,
				44233F4129C330AE00DAAFC5 /* UltimatePortfolioAppUITests */,
				4497CF3B29C949650047E7B9 /* PortfolioWidget */,
				4497CF3629C949640047E7B9 /* Frameworks */,
				4444E98128F9864800499F48 /* Products */,
			);
			sourceTree = "<group>";
		};
		4444E98128F9864800499F48 /* Products */ = {
			isa = PBXGroup;
			children = (
				4444E98028F9864800499F48 /* UltimatePortfolioApp.app */,
				44233F1E29C2CDEF00DAAFC5 /* UltimatePortfolioAppTests.xctest */,
				44233F4029C330AE00DAAFC5 /* UltimatePortfolioAppUITests.xctest */,
				4497CF3529C949640047E7B9 /* PortfolioWidgetExtension.appex */,
			);
			name = Products;
			sourceTree = "<group>";
		};
		4444E98228F9864800499F48 /* UltimatePortfolioApp */ = {
			isa = PBXGroup;
			children = (
				4444E99628F9918B00499F48 /* UltimatePortfolioApp.entitlements */,
				4444E98328F9864800499F48 /* UltimatePortfolioAppApp.swift */,
				4497CF2D29C9415D0047E7B9 /* AppDelegate.swift */,
				4497CF2F29C941640047E7B9 /* SceneDelegate.swift */,
				4444E98528F9864800499F48 /* ContentView.swift */,
				442A738D29C099D600C32210 /* Activities */,
				44563DC529C8440000E2A9B9 /* Unlock */,
				442A738B29C099C600C32210 /* Extensions */,
				442A738C29C099CF00C32210 /* Controllers */,
				442A738A29C099AE00C32210 /* Localization */,
				442A739129C09A7100C32210 /* Configuration */,
				44884DAC290661A6007397ED /* Colors.xcassets */,
				4444E98728F9864B00499F48 /* Assets.xcassets */,
				4444E99728F9919100499F48 /* Info.plist */,
				4444E98928F9864B00499F48 /* Preview Content */,
			);
			path = UltimatePortfolioApp;
			sourceTree = "<group>";
		};
		4444E98928F9864B00499F48 /* Preview Content */ = {
			isa = PBXGroup;
			children = (
				4444E98A28F9864B00499F48 /* Preview Assets.xcassets */,
			);
			path = "Preview Content";
			sourceTree = "<group>";
		};
		44563DC529C8440000E2A9B9 /* Unlock */ = {
			isa = PBXGroup;
			children = (
				44563DBD29C83C6E00E2A9B9 /* PurchaseButton.swift */,
				44563DBF29C83DCC00E2A9B9 /* ProductView.swift */,
				44563DC129C83F5A00E2A9B9 /* UnlockView.swift */,
				44563DB829C8271600E2A9B9 /* UnlockManager.swift */,
			);
			path = Unlock;
			sourceTree = "<group>";
		};
		4497CF3629C949640047E7B9 /* Frameworks */ = {
			isa = PBXGroup;
			children = (
				4497CF3729C949640047E7B9 /* WidgetKit.framework */,
				4497CF3929C949640047E7B9 /* SwiftUI.framework */,
			);
			name = Frameworks;
			sourceTree = "<group>";
		};
		4497CF3B29C949650047E7B9 /* PortfolioWidget */ = {
			isa = PBXGroup;
			children = (
				4497CF3C29C949650047E7B9 /* PortfolioWidgetBundle.swift */,
				4497CF6129C9793F0047E7B9 /* SimpleWidget.swift */,
				4497CF6329C979960047E7B9 /* ComplexWidget.swift */,
				4497CF5F29C979010047E7B9 /* DataProvider.swift */,
				4497CF4029C949660047E7B9 /* Assets.xcassets */,
				4497CF4229C949660047E7B9 /* Info.plist */,
			);
			path = PortfolioWidget;
			sourceTree = "<group>";
		};
/* End PBXGroup section */

/* Begin PBXNativeTarget section */
		44233F1D29C2CDEF00DAAFC5 /* UltimatePortfolioAppTests */ = {
			isa = PBXNativeTarget;
			buildConfigurationList = 44233F2629C2CDEF00DAAFC5 /* Build configuration list for PBXNativeTarget "UltimatePortfolioAppTests" */;
			buildPhases = (
				44233F1A29C2CDEF00DAAFC5 /* Sources */,
				44233F1B29C2CDEF00DAAFC5 /* Frameworks */,
				44233F1C29C2CDEF00DAAFC5 /* Resources */,
			);
			buildRules = (
			);
			dependencies = (
				44233F2329C2CDEF00DAAFC5 /* PBXTargetDependency */,
			);
			name = UltimatePortfolioAppTests;
			productName = UltimatePortfolioAppTests;
			productReference = 44233F1E29C2CDEF00DAAFC5 /* UltimatePortfolioAppTests.xctest */;
			productType = "com.apple.product-type.bundle.unit-test";
		};
		44233F3F29C330AE00DAAFC5 /* UltimatePortfolioAppUITests */ = {
			isa = PBXNativeTarget;
			buildConfigurationList = 44233F4829C330AE00DAAFC5 /* Build configuration list for PBXNativeTarget "UltimatePortfolioAppUITests" */;
			buildPhases = (
				44233F3C29C330AE00DAAFC5 /* Sources */,
				44233F3D29C330AE00DAAFC5 /* Frameworks */,
				44233F3E29C330AE00DAAFC5 /* Resources */,
			);
			buildRules = (
			);
			dependencies = (
				44233F4729C330AE00DAAFC5 /* PBXTargetDependency */,
			);
			name = UltimatePortfolioAppUITests;
			productName = UltimatePortfolioAppUITests;
			productReference = 44233F4029C330AE00DAAFC5 /* UltimatePortfolioAppUITests.xctest */;
			productType = "com.apple.product-type.bundle.ui-testing";
		};
		4444E97F28F9864800499F48 /* UltimatePortfolioApp */ = {
			isa = PBXNativeTarget;
			buildConfigurationList = 4444E98E28F9864B00499F48 /* Build configuration list for PBXNativeTarget "UltimatePortfolioApp" */;
			buildPhases = (
				444E47A129C04B2900A0784A /* SwiftLint */,
				4444E97C28F9864800499F48 /* Sources */,
				4444E97D28F9864800499F48 /* Frameworks */,
				4444E97E28F9864800499F48 /* Resources */,
				4497CF4929C949660047E7B9 /* Embed Foundation Extensions */,
			);
			buildRules = (
			);
			dependencies = (
				4497CF4429C949660047E7B9 /* PBXTargetDependency */,
			);
			name = UltimatePortfolioApp;
			productName = UltimatePortfolioApp;
			productReference = 4444E98028F9864800499F48 /* UltimatePortfolioApp.app */;
			productType = "com.apple.product-type.application";
		};
		4497CF3429C949640047E7B9 /* PortfolioWidgetExtension */ = {
			isa = PBXNativeTarget;
			buildConfigurationList = 4497CF4629C949660047E7B9 /* Build configuration list for PBXNativeTarget "PortfolioWidgetExtension" */;
			buildPhases = (
				4497CF3129C949640047E7B9 /* Sources */,
				4497CF3229C949640047E7B9 /* Frameworks */,
				4497CF3329C949640047E7B9 /* Resources */,
			);
			buildRules = (
			);
			dependencies = (
			);
			name = PortfolioWidgetExtension;
			productName = PortfolioWidgetExtension;
			productReference = 4497CF3529C949640047E7B9 /* PortfolioWidgetExtension.appex */;
			productType = "com.apple.product-type.app-extension";
		};
/* End PBXNativeTarget section */

/* Begin PBXProject section */
		4444E97828F9864800499F48 /* Project object */ = {
			isa = PBXProject;
			attributes = {
				BuildIndependentTargetsInParallel = 1;
				LastSwiftUpdateCheck = 1420;
				LastUpgradeCheck = 1420;
				TargetAttributes = {
					44233F1D29C2CDEF00DAAFC5 = {
						CreatedOnToolsVersion = 14.2;
						TestTargetID = 4444E97F28F9864800499F48;
					};
					44233F3F29C330AE00DAAFC5 = {
						CreatedOnToolsVersion = 14.2;
						TestTargetID = 4444E97F28F9864800499F48;
					};
					4444E97F28F9864800499F48 = {
						CreatedOnToolsVersion = 14.0.1;
					};
					4497CF3429C949640047E7B9 = {
						CreatedOnToolsVersion = 14.2;
					};
				};
			};
			buildConfigurationList = 4444E97B28F9864800499F48 /* Build configuration list for PBXProject "UltimatePortfolioApp" */;
			compatibilityVersion = "Xcode 14.0";
			developmentRegion = en;
			hasScannedForEncodings = 0;
			knownRegions = (
				en,
				Base,
				hu,
			);
			mainGroup = 4444E97728F9864800499F48;
			productRefGroup = 4444E98128F9864800499F48 /* Products */;
			projectDirPath = "";
			projectRoot = "";
			targets = (
				4444E97F28F9864800499F48 /* UltimatePortfolioApp */,
				44233F1D29C2CDEF00DAAFC5 /* UltimatePortfolioAppTests */,
				44233F3F29C330AE00DAAFC5 /* UltimatePortfolioAppUITests */,
				4497CF3429C949640047E7B9 /* PortfolioWidgetExtension */,
			);
		};
/* End PBXProject section */

/* Begin PBXResourcesBuildPhase section */
		44233F1C29C2CDEF00DAAFC5 /* Resources */ = {
			isa = PBXResourcesBuildPhase;
			buildActionMask = 2147483647;
			files = (
				44233F3929C2FC8A00DAAFC5 /* DecodableString.json in Resources */,
				44233F3729C2FC4F00DAAFC5 /* DecodableDictionary.json in Resources */,
			);
			runOnlyForDeploymentPostprocessing = 0;
		};
		44233F3E29C330AE00DAAFC5 /* Resources */ = {
			isa = PBXResourcesBuildPhase;
			buildActionMask = 2147483647;
			files = (
			);
			runOnlyForDeploymentPostprocessing = 0;
		};
		4444E97E28F9864800499F48 /* Resources */ = {
			isa = PBXResourcesBuildPhase;
			buildActionMask = 2147483647;
			files = (
				444E47A629C04C6F00A0784A /* Awards.json in Resources */,
				44884DAD290661A6007397ED /* Colors.xcassets in Resources */,
				4444E98B28F9864B00499F48 /* Preview Assets.xcassets in Resources */,
				4444E98828F9864B00499F48 /* Assets.xcassets in Resources */,
			);
			runOnlyForDeploymentPostprocessing = 0;
		};
		4497CF3329C949640047E7B9 /* Resources */ = {
			isa = PBXResourcesBuildPhase;
			buildActionMask = 2147483647;
			files = (
				4497CF5629C96EE80047E7B9 /* Colors.xcassets in Resources */,
				4497CF4129C949660047E7B9 /* Assets.xcassets in Resources */,
			);
			runOnlyForDeploymentPostprocessing = 0;
		};
/* End PBXResourcesBuildPhase section */

/* Begin PBXShellScriptBuildPhase section */
		444E47A129C04B2900A0784A /* SwiftLint */ = {
			isa = PBXShellScriptBuildPhase;
			alwaysOutOfDate = 1;
			buildActionMask = 12;
			files = (
			);
			inputFileListPaths = (
			);
			inputPaths = (
			);
			name = SwiftLint;
			outputFileListPaths = (
			);
			outputPaths = (
			);
			runOnlyForDeploymentPostprocessing = 0;
			shellPath = /bin/sh;
			shellScript = "# Type a script or drag a script file from your workspace to insert its path.\nalias swiftlint=\"/opt/homebrew/bin/swiftlint\"\n\nif swiftlint >/dev/null; then\n  swiftlint\nelse\n  echo \"warning: SwiftLint not installed, download from https://github.com/realm/SwiftLint\"\nfi\n";
		};
/* End PBXShellScriptBuildPhase section */

/* Begin PBXSourcesBuildPhase section */
		44233F1A29C2CDEF00DAAFC5 /* Sources */ = {
			isa = PBXSourcesBuildPhase;
			buildActionMask = 2147483647;
			files = (
				44233F3B29C3084F00DAAFC5 /* PerformanceTests.swift in Sources */,
				44233F2829C2CFA400DAAFC5 /* AssetTests.swift in Sources */,
				44233F2E29C2D5CF00DAAFC5 /* AwardTests.swift in Sources */,
				44233F2129C2CDEF00DAAFC5 /* UltimatePortfolioAppTests.swift in Sources */,
				44233F3229C2F85100DAAFC5 /* ExtensionTests.swift in Sources */,
				44233F2C29C2D2BA00DAAFC5 /* ProjectTests.swift in Sources */,
				44233F3029C2E7EC00DAAFC5 /* DevelopmentTests.swift in Sources */,
			);
			runOnlyForDeploymentPostprocessing = 0;
		};
		44233F3C29C330AE00DAAFC5 /* Sources */ = {
			isa = PBXSourcesBuildPhase;
			buildActionMask = 2147483647;
			files = (
				44233F4529C330AE00DAAFC5 /* UltimatePortfolioAppUITestsLaunchTests.swift in Sources */,
				44233F4329C330AE00DAAFC5 /* UltimatePortfolioAppUITests.swift in Sources */,
			);
			runOnlyForDeploymentPostprocessing = 0;
		};
		4444E97C28F9864800499F48 /* Sources */ = {
			isa = PBXSourcesBuildPhase;
			buildActionMask = 2147483647;
			files = (
				44884D7B2902CA0E007397ED /* ProjectsView.swift in Sources */,
				4482A4F5290968A4006A5C0D /* Color-Additions.swift in Sources */,
				4497CF3029C941640047E7B9 /* SceneDelegate.swift in Sources */,
				44563DBE29C83C6E00E2A9B9 /* PurchaseButton.swift in Sources */,
				44884DAB29065E6A007397ED /* ProjectHeaderView.swift in Sources */,
				44563DC029C83DCC00E2A9B9 /* ProductView.swift in Sources */,
				44C9983B2907BE5200B2CCC0 /* Bundle-Decodable.swift in Sources */,
				4444E99328F986E400499F48 /* Main.xcdatamodeld in Sources */,
				44AFB4F529C731330034B30E /* HomeViewModel.swift in Sources */,
				44563DB929C8271600E2A9B9 /* UnlockManager.swift in Sources */,
				44A604BA299A153500A1969B /* ItemListView.swift in Sources */,
				44C998392907BC5200B2CCC0 /* SelectSomethingView.swift in Sources */,
				44C9983F2907C4C300B2CCC0 /* Award.swift in Sources */,
				4497CF4F29C94B130047E7B9 /* DataController-Reminders.swift in Sources */,
				44C998412907C56F00B2CCC0 /* AwardsView.swift in Sources */,
				44233F3429C2F92400DAAFC5 /* Sequence-Sorting.swift in Sources */,
				44884D7F2906329D007397ED /* Project-CoreDataHelpers.swift in Sources */,
				4497CF5329C94BCD0047E7B9 /* DataController-StoreKit.swift in Sources */,
				44884DAF290662A2007397ED /* EditProjectView.swift in Sources */,
				4497CF5129C94B780047E7B9 /* DataController-Award.swift in Sources */,
				44563DC229C83F5A00E2A9B9 /* UnlockView.swift in Sources */,
				44A604BC299A172100A1969B /* ProjectSummaryView.swift in Sources */,
				4497CF2E29C9415D0047E7B9 /* AppDelegate.swift in Sources */,
				4444E99528F98A0E00499F48 /* DataController.swift in Sources */,
				44884DA729064C48007397ED /* ItemRowView.swift in Sources */,
				4444E98628F9864800499F48 /* ContentView.swift in Sources */,
				44884DA9290654B3007397ED /* Binding-OnChange.swift in Sources */,
				44884D792902C97B007397ED /* HomeView.swift in Sources */,
				4444E98428F9864800499F48 /* UltimatePortfolioAppApp.swift in Sources */,
				44AFB4F729C7377E0034B30E /* ItemRowViewModel.swift in Sources */,
				44884D7D29063199007397ED /* Item-CoreDataHelpers.swift in Sources */,
				44563DBC29C8390100E2A9B9 /* SKProduct-LocalizedPrice.swift in Sources */,
				44AFB4F329C725730034B30E /* ProjectsViewModel.swift in Sources */,
				44884DA529064817007397ED /* EditItemView.swift in Sources */,
			);
			runOnlyForDeploymentPostprocessing = 0;
		};
		4497CF3129C949640047E7B9 /* Sources */ = {
			isa = PBXSourcesBuildPhase;
			buildActionMask = 2147483647;
			files = (
				4497CF5729C96EF70047E7B9 /* Project-CoreDataHelpers.swift in Sources */,
				4497CF4D29C94A720047E7B9 /* DataController.swift in Sources */,
				4497CF6429C979960047E7B9 /* ComplexWidget.swift in Sources */,
				4497CF6029C979010047E7B9 /* DataProvider.swift in Sources */,
				4497CF5829C96F080047E7B9 /* Sequence-Sorting.swift in Sources */,
				4497CF4B29C94A3B0047E7B9 /* Main.xcdatamodeld in Sources */,
				4497CF3D29C949650047E7B9 /* PortfolioWidgetBundle.swift in Sources */,
				4497CF4C29C94A6B0047E7B9 /* Item-CoreDataHelpers.swift in Sources */,
				4497CF6229C9793F0047E7B9 /* SimpleWidget.swift in Sources */,
			);
			runOnlyForDeploymentPostprocessing = 0;
		};
/* End PBXSourcesBuildPhase section */

/* Begin PBXTargetDependency section */
		44233F2329C2CDEF00DAAFC5 /* PBXTargetDependency */ = {
			isa = PBXTargetDependency;
			target = 4444E97F28F9864800499F48 /* UltimatePortfolioApp */;
			targetProxy = 44233F2229C2CDEF00DAAFC5 /* PBXContainerItemProxy */;
		};
		44233F4729C330AE00DAAFC5 /* PBXTargetDependency */ = {
			isa = PBXTargetDependency;
			target = 4444E97F28F9864800499F48 /* UltimatePortfolioApp */;
			targetProxy = 44233F4629C330AE00DAAFC5 /* PBXContainerItemProxy */;
		};
		4497CF4429C949660047E7B9 /* PBXTargetDependency */ = {
			isa = PBXTargetDependency;
			target = 4497CF3429C949640047E7B9 /* PortfolioWidgetExtension */;
			targetProxy = 4497CF4329C949660047E7B9 /* PBXContainerItemProxy */;
		};
/* End PBXTargetDependency section */

/* Begin PBXVariantGroup section */
		444E47A429C04C6F00A0784A /* Awards.json */ = {
			isa = PBXVariantGroup;
			children = (
				444E47A529C04C6F00A0784A /* en */,
				444E47B329C0948200A0784A /* hu */,
			);
			name = Awards.json;
			sourceTree = "<group>";
		};
/* End PBXVariantGroup section */

/* Begin XCBuildConfiguration section */
		44233F2429C2CDEF00DAAFC5 /* Debug */ = {
			isa = XCBuildConfiguration;
			buildSettings = {
				BUNDLE_LOADER = "$(TEST_HOST)";
				CODE_SIGN_STYLE = Automatic;
				CURRENT_PROJECT_VERSION = 1;
				DEVELOPMENT_TEAM = Z95C3Y6UPR;
				GENERATE_INFOPLIST_FILE = YES;
				IPHONEOS_DEPLOYMENT_TARGET = 16.2;
				MARKETING_VERSION = 1.0;
				PRODUCT_BUNDLE_IDENTIFIER = com.zacharyuptin.UltimatePortfolioAppTests;
				PRODUCT_NAME = "$(TARGET_NAME)";
				SWIFT_EMIT_LOC_STRINGS = NO;
				SWIFT_VERSION = 5.0;
				TARGETED_DEVICE_FAMILY = "1,2";
				TEST_HOST = "$(BUILT_PRODUCTS_DIR)/UltimatePortfolioApp.app/$(BUNDLE_EXECUTABLE_FOLDER_PATH)/UltimatePortfolioApp";
			};
			name = Debug;
		};
		44233F2529C2CDEF00DAAFC5 /* Release */ = {
			isa = XCBuildConfiguration;
			buildSettings = {
				BUNDLE_LOADER = "$(TEST_HOST)";
				CODE_SIGN_STYLE = Automatic;
				CURRENT_PROJECT_VERSION = 1;
				DEVELOPMENT_TEAM = Z95C3Y6UPR;
				GENERATE_INFOPLIST_FILE = YES;
				IPHONEOS_DEPLOYMENT_TARGET = 16.2;
				MARKETING_VERSION = 1.0;
				PRODUCT_BUNDLE_IDENTIFIER = com.zacharyuptin.UltimatePortfolioAppTests;
				PRODUCT_NAME = "$(TARGET_NAME)";
				SWIFT_EMIT_LOC_STRINGS = NO;
				SWIFT_VERSION = 5.0;
				TARGETED_DEVICE_FAMILY = "1,2";
				TEST_HOST = "$(BUILT_PRODUCTS_DIR)/UltimatePortfolioApp.app/$(BUNDLE_EXECUTABLE_FOLDER_PATH)/UltimatePortfolioApp";
			};
			name = Release;
		};
		44233F4929C330AE00DAAFC5 /* Debug */ = {
			isa = XCBuildConfiguration;
			buildSettings = {
				CODE_SIGN_STYLE = Automatic;
				CURRENT_PROJECT_VERSION = 1;
				DEVELOPMENT_TEAM = Z95C3Y6UPR;
				GENERATE_INFOPLIST_FILE = YES;
				IPHONEOS_DEPLOYMENT_TARGET = 16.2;
				MARKETING_VERSION = 1.0;
				PRODUCT_BUNDLE_IDENTIFIER = com.zacharyuptin.UltimatePortfolioAppUITests;
				PRODUCT_NAME = "$(TARGET_NAME)";
				SWIFT_EMIT_LOC_STRINGS = NO;
				SWIFT_VERSION = 5.0;
				TARGETED_DEVICE_FAMILY = "1,2";
				TEST_TARGET_NAME = UltimatePortfolioApp;
			};
			name = Debug;
		};
		44233F4A29C330AE00DAAFC5 /* Release */ = {
			isa = XCBuildConfiguration;
			buildSettings = {
				CODE_SIGN_STYLE = Automatic;
				CURRENT_PROJECT_VERSION = 1;
				DEVELOPMENT_TEAM = Z95C3Y6UPR;
				GENERATE_INFOPLIST_FILE = YES;
				IPHONEOS_DEPLOYMENT_TARGET = 16.2;
				MARKETING_VERSION = 1.0;
				PRODUCT_BUNDLE_IDENTIFIER = com.zacharyuptin.UltimatePortfolioAppUITests;
				PRODUCT_NAME = "$(TARGET_NAME)";
				SWIFT_EMIT_LOC_STRINGS = NO;
				SWIFT_VERSION = 5.0;
				TARGETED_DEVICE_FAMILY = "1,2";
				TEST_TARGET_NAME = UltimatePortfolioApp;
			};
			name = Release;
		};
		4444E98C28F9864B00499F48 /* Debug */ = {
			isa = XCBuildConfiguration;
			buildSettings = {
				ALWAYS_SEARCH_USER_PATHS = NO;
				CLANG_ANALYZER_LOCALIZABILITY_NONLOCALIZED = YES;
				CLANG_ANALYZER_NONNULL = YES;
				CLANG_ANALYZER_NUMBER_OBJECT_CONVERSION = YES_AGGRESSIVE;
				CLANG_CXX_LANGUAGE_STANDARD = "gnu++20";
				CLANG_ENABLE_MODULES = YES;
				CLANG_ENABLE_OBJC_ARC = YES;
				CLANG_ENABLE_OBJC_WEAK = YES;
				CLANG_WARN_BLOCK_CAPTURE_AUTORELEASING = YES;
				CLANG_WARN_BOOL_CONVERSION = YES;
				CLANG_WARN_COMMA = YES;
				CLANG_WARN_CONSTANT_CONVERSION = YES;
				CLANG_WARN_DEPRECATED_OBJC_IMPLEMENTATIONS = YES;
				CLANG_WARN_DIRECT_OBJC_ISA_USAGE = YES_ERROR;
				CLANG_WARN_DOCUMENTATION_COMMENTS = YES;
				CLANG_WARN_EMPTY_BODY = YES;
				CLANG_WARN_ENUM_CONVERSION = YES;
				CLANG_WARN_INFINITE_RECURSION = YES;
				CLANG_WARN_INT_CONVERSION = YES;
				CLANG_WARN_NON_LITERAL_NULL_CONVERSION = YES;
				CLANG_WARN_OBJC_IMPLICIT_RETAIN_SELF = YES;
				CLANG_WARN_OBJC_LITERAL_CONVERSION = YES;
				CLANG_WARN_OBJC_ROOT_CLASS = YES_ERROR;
				CLANG_WARN_QUOTED_INCLUDE_IN_FRAMEWORK_HEADER = YES;
				CLANG_WARN_RANGE_LOOP_ANALYSIS = YES;
				CLANG_WARN_STRICT_PROTOTYPES = YES;
				CLANG_WARN_SUSPICIOUS_MOVE = YES;
				CLANG_WARN_UNGUARDED_AVAILABILITY = YES_AGGRESSIVE;
				CLANG_WARN_UNREACHABLE_CODE = YES;
				CLANG_WARN__DUPLICATE_METHOD_MATCH = YES;
				COPY_PHASE_STRIP = NO;
				DEBUG_INFORMATION_FORMAT = dwarf;
				ENABLE_STRICT_OBJC_MSGSEND = YES;
				ENABLE_TESTABILITY = YES;
				GCC_C_LANGUAGE_STANDARD = gnu11;
				GCC_DYNAMIC_NO_PIC = NO;
				GCC_NO_COMMON_BLOCKS = YES;
				GCC_OPTIMIZATION_LEVEL = 0;
				GCC_PREPROCESSOR_DEFINITIONS = (
					"DEBUG=1",
					"$(inherited)",
				);
				GCC_WARN_64_TO_32_BIT_CONVERSION = YES;
				GCC_WARN_ABOUT_RETURN_TYPE = YES_ERROR;
				GCC_WARN_UNDECLARED_SELECTOR = YES;
				GCC_WARN_UNINITIALIZED_AUTOS = YES_AGGRESSIVE;
				GCC_WARN_UNUSED_FUNCTION = YES;
				GCC_WARN_UNUSED_VARIABLE = YES;
				IPHONEOS_DEPLOYMENT_TARGET = 16.0;
				MTL_ENABLE_DEBUG_INFO = INCLUDE_SOURCE;
				MTL_FAST_MATH = YES;
				ONLY_ACTIVE_ARCH = YES;
				SDKROOT = iphoneos;
				SWIFT_ACTIVE_COMPILATION_CONDITIONS = DEBUG;
				SWIFT_OPTIMIZATION_LEVEL = "-Onone";
			};
			name = Debug;
		};
		4444E98D28F9864B00499F48 /* Release */ = {
			isa = XCBuildConfiguration;
			buildSettings = {
				ALWAYS_SEARCH_USER_PATHS = NO;
				CLANG_ANALYZER_LOCALIZABILITY_NONLOCALIZED = YES;
				CLANG_ANALYZER_NONNULL = YES;
				CLANG_ANALYZER_NUMBER_OBJECT_CONVERSION = YES_AGGRESSIVE;
				CLANG_CXX_LANGUAGE_STANDARD = "gnu++20";
				CLANG_ENABLE_MODULES = YES;
				CLANG_ENABLE_OBJC_ARC = YES;
				CLANG_ENABLE_OBJC_WEAK = YES;
				CLANG_WARN_BLOCK_CAPTURE_AUTORELEASING = YES;
				CLANG_WARN_BOOL_CONVERSION = YES;
				CLANG_WARN_COMMA = YES;
				CLANG_WARN_CONSTANT_CONVERSION = YES;
				CLANG_WARN_DEPRECATED_OBJC_IMPLEMENTATIONS = YES;
				CLANG_WARN_DIRECT_OBJC_ISA_USAGE = YES_ERROR;
				CLANG_WARN_DOCUMENTATION_COMMENTS = YES;
				CLANG_WARN_EMPTY_BODY = YES;
				CLANG_WARN_ENUM_CONVERSION = YES;
				CLANG_WARN_INFINITE_RECURSION = YES;
				CLANG_WARN_INT_CONVERSION = YES;
				CLANG_WARN_NON_LITERAL_NULL_CONVERSION = YES;
				CLANG_WARN_OBJC_IMPLICIT_RETAIN_SELF = YES;
				CLANG_WARN_OBJC_LITERAL_CONVERSION = YES;
				CLANG_WARN_OBJC_ROOT_CLASS = YES_ERROR;
				CLANG_WARN_QUOTED_INCLUDE_IN_FRAMEWORK_HEADER = YES;
				CLANG_WARN_RANGE_LOOP_ANALYSIS = YES;
				CLANG_WARN_STRICT_PROTOTYPES = YES;
				CLANG_WARN_SUSPICIOUS_MOVE = YES;
				CLANG_WARN_UNGUARDED_AVAILABILITY = YES_AGGRESSIVE;
				CLANG_WARN_UNREACHABLE_CODE = YES;
				CLANG_WARN__DUPLICATE_METHOD_MATCH = YES;
				COPY_PHASE_STRIP = NO;
				DEBUG_INFORMATION_FORMAT = "dwarf-with-dsym";
				ENABLE_NS_ASSERTIONS = NO;
				ENABLE_STRICT_OBJC_MSGSEND = YES;
				GCC_C_LANGUAGE_STANDARD = gnu11;
				GCC_NO_COMMON_BLOCKS = YES;
				GCC_WARN_64_TO_32_BIT_CONVERSION = YES;
				GCC_WARN_ABOUT_RETURN_TYPE = YES_ERROR;
				GCC_WARN_UNDECLARED_SELECTOR = YES;
				GCC_WARN_UNINITIALIZED_AUTOS = YES_AGGRESSIVE;
				GCC_WARN_UNUSED_FUNCTION = YES;
				GCC_WARN_UNUSED_VARIABLE = YES;
				IPHONEOS_DEPLOYMENT_TARGET = 16.0;
				MTL_ENABLE_DEBUG_INFO = NO;
				MTL_FAST_MATH = YES;
				SDKROOT = iphoneos;
				SWIFT_COMPILATION_MODE = wholemodule;
				SWIFT_OPTIMIZATION_LEVEL = "-O";
				VALIDATE_PRODUCT = YES;
			};
			name = Release;
		};
		4444E98F28F9864B00499F48 /* Debug */ = {
			isa = XCBuildConfiguration;
			buildSettings = {
				ALWAYS_EMBED_SWIFT_STANDARD_LIBRARIES = YES;
				ASSETCATALOG_COMPILER_APPICON_NAME = AppIcon;
				ASSETCATALOG_COMPILER_GLOBAL_ACCENT_COLOR_NAME = AccentColor;
				CODE_SIGN_ENTITLEMENTS = UltimatePortfolioApp/UltimatePortfolioApp.entitlements;
				CODE_SIGN_STYLE = Automatic;
				CURRENT_PROJECT_VERSION = 1;
				DEVELOPMENT_ASSET_PATHS = "\"UltimatePortfolioApp/Preview Content\"";
				DEVELOPMENT_TEAM = Z95C3Y6UPR;
				ENABLE_PREVIEWS = YES;
				GENERATE_INFOPLIST_FILE = YES;
				INFOPLIST_FILE = UltimatePortfolioApp/Info.plist;
				INFOPLIST_KEY_UIApplicationSceneManifest_Generation = YES;
				INFOPLIST_KEY_UIApplicationSupportsIndirectInputEvents = YES;
				INFOPLIST_KEY_UILaunchScreen_Generation = YES;
				INFOPLIST_KEY_UISupportedInterfaceOrientations_iPad = "UIInterfaceOrientationPortrait UIInterfaceOrientationPortraitUpsideDown UIInterfaceOrientationLandscapeLeft UIInterfaceOrientationLandscapeRight";
				INFOPLIST_KEY_UISupportedInterfaceOrientations_iPhone = "UIInterfaceOrientationPortrait UIInterfaceOrientationLandscapeLeft UIInterfaceOrientationLandscapeRight";
				LD_RUNPATH_SEARCH_PATHS = (
					"$(inherited)",
					"@executable_path/Frameworks",
				);
				MARKETING_VERSION = 1.0;
				PRODUCT_BUNDLE_IDENTIFIER = com.zacharyuptin.UltimatePortfolioApp;
				PRODUCT_NAME = "$(TARGET_NAME)";
				SWIFT_EMIT_LOC_STRINGS = YES;
				SWIFT_VERSION = 5.0;
				TARGETED_DEVICE_FAMILY = "1,2";
			};
			name = Debug;
		};
		4444E99028F9864B00499F48 /* Release */ = {
			isa = XCBuildConfiguration;
			buildSettings = {
				ALWAYS_EMBED_SWIFT_STANDARD_LIBRARIES = YES;
				ASSETCATALOG_COMPILER_APPICON_NAME = AppIcon;
				ASSETCATALOG_COMPILER_GLOBAL_ACCENT_COLOR_NAME = AccentColor;
				CODE_SIGN_ENTITLEMENTS = UltimatePortfolioApp/UltimatePortfolioApp.entitlements;
				CODE_SIGN_STYLE = Automatic;
				CURRENT_PROJECT_VERSION = 1;
				DEVELOPMENT_ASSET_PATHS = "\"UltimatePortfolioApp/Preview Content\"";
				DEVELOPMENT_TEAM = Z95C3Y6UPR;
				ENABLE_PREVIEWS = YES;
				GENERATE_INFOPLIST_FILE = YES;
				INFOPLIST_FILE = UltimatePortfolioApp/Info.plist;
				INFOPLIST_KEY_UIApplicationSceneManifest_Generation = YES;
				INFOPLIST_KEY_UIApplicationSupportsIndirectInputEvents = YES;
				INFOPLIST_KEY_UILaunchScreen_Generation = YES;
				INFOPLIST_KEY_UISupportedInterfaceOrientations_iPad = "UIInterfaceOrientationPortrait UIInterfaceOrientationPortraitUpsideDown UIInterfaceOrientationLandscapeLeft UIInterfaceOrientationLandscapeRight";
				INFOPLIST_KEY_UISupportedInterfaceOrientations_iPhone = "UIInterfaceOrientationPortrait UIInterfaceOrientationLandscapeLeft UIInterfaceOrientationLandscapeRight";
				LD_RUNPATH_SEARCH_PATHS = (
					"$(inherited)",
					"@executable_path/Frameworks",
				);
				MARKETING_VERSION = 1.0;
				PRODUCT_BUNDLE_IDENTIFIER = com.zacharyuptin.UltimatePortfolioApp;
				PRODUCT_NAME = "$(TARGET_NAME)";
				SWIFT_EMIT_LOC_STRINGS = YES;
				SWIFT_VERSION = 5.0;
				TARGETED_DEVICE_FAMILY = "1,2";
			};
			name = Release;
		};
		4497CF4729C949660047E7B9 /* Debug */ = {
			isa = XCBuildConfiguration;
			buildSettings = {
				ASSETCATALOG_COMPILER_GLOBAL_ACCENT_COLOR_NAME = AccentColor;
				ASSETCATALOG_COMPILER_WIDGET_BACKGROUND_COLOR_NAME = WidgetBackground;
				CODE_SIGN_ENTITLEMENTS = PortfolioWidgetExtension.entitlements;
				CODE_SIGN_STYLE = Automatic;
				CURRENT_PROJECT_VERSION = 1;
				DEVELOPMENT_TEAM = Z95C3Y6UPR;
				GENERATE_INFOPLIST_FILE = YES;
				INFOPLIST_FILE = PortfolioWidget/Info.plist;
				INFOPLIST_KEY_CFBundleDisplayName = PortfolioWidget;
				INFOPLIST_KEY_NSHumanReadableCopyright = "";
				IPHONEOS_DEPLOYMENT_TARGET = 16.2;
				LD_RUNPATH_SEARCH_PATHS = (
					"$(inherited)",
					"@executable_path/Frameworks",
					"@executable_path/../../Frameworks",
				);
				MARKETING_VERSION = 1.0;
				PRODUCT_BUNDLE_IDENTIFIER = com.zacharyuptin.UltimatePortfolioApp.PortfolioWidget;
				PRODUCT_NAME = "$(TARGET_NAME)";
				SKIP_INSTALL = YES;
				SWIFT_EMIT_LOC_STRINGS = YES;
				SWIFT_VERSION = 5.0;
				TARGETED_DEVICE_FAMILY = "1,2";
			};
			name = Debug;
		};
		4497CF4829C949660047E7B9 /* Release */ = {
			isa = XCBuildConfiguration;
			buildSettings = {
				ASSETCATALOG_COMPILER_GLOBAL_ACCENT_COLOR_NAME = AccentColor;
				ASSETCATALOG_COMPILER_WIDGET_BACKGROUND_COLOR_NAME = WidgetBackground;
				CODE_SIGN_ENTITLEMENTS = PortfolioWidgetExtension.entitlements;
				CODE_SIGN_STYLE = Automatic;
				CURRENT_PROJECT_VERSION = 1;
				DEVELOPMENT_TEAM = Z95C3Y6UPR;
				GENERATE_INFOPLIST_FILE = YES;
				INFOPLIST_FILE = PortfolioWidget/Info.plist;
				INFOPLIST_KEY_CFBundleDisplayName = PortfolioWidget;
				INFOPLIST_KEY_NSHumanReadableCopyright = "";
				IPHONEOS_DEPLOYMENT_TARGET = 16.2;
				LD_RUNPATH_SEARCH_PATHS = (
					"$(inherited)",
					"@executable_path/Frameworks",
					"@executable_path/../../Frameworks",
				);
				MARKETING_VERSION = 1.0;
				PRODUCT_BUNDLE_IDENTIFIER = com.zacharyuptin.UltimatePortfolioApp.PortfolioWidget;
				PRODUCT_NAME = "$(TARGET_NAME)";
				SKIP_INSTALL = YES;
				SWIFT_EMIT_LOC_STRINGS = YES;
				SWIFT_VERSION = 5.0;
				TARGETED_DEVICE_FAMILY = "1,2";
			};
			name = Release;
		};
/* End XCBuildConfiguration section */

/* Begin XCConfigurationList section */
		44233F2629C2CDEF00DAAFC5 /* Build configuration list for PBXNativeTarget "UltimatePortfolioAppTests" */ = {
			isa = XCConfigurationList;
			buildConfigurations = (
				44233F2429C2CDEF00DAAFC5 /* Debug */,
				44233F2529C2CDEF00DAAFC5 /* Release */,
			);
			defaultConfigurationIsVisible = 0;
			defaultConfigurationName = Release;
		};
		44233F4829C330AE00DAAFC5 /* Build configuration list for PBXNativeTarget "UltimatePortfolioAppUITests" */ = {
			isa = XCConfigurationList;
			buildConfigurations = (
				44233F4929C330AE00DAAFC5 /* Debug */,
				44233F4A29C330AE00DAAFC5 /* Release */,
			);
			defaultConfigurationIsVisible = 0;
			defaultConfigurationName = Release;
		};
		4444E97B28F9864800499F48 /* Build configuration list for PBXProject "UltimatePortfolioApp" */ = {
			isa = XCConfigurationList;
			buildConfigurations = (
				4444E98C28F9864B00499F48 /* Debug */,
				4444E98D28F9864B00499F48 /* Release */,
			);
			defaultConfigurationIsVisible = 0;
			defaultConfigurationName = Release;
		};
		4444E98E28F9864B00499F48 /* Build configuration list for PBXNativeTarget "UltimatePortfolioApp" */ = {
			isa = XCConfigurationList;
			buildConfigurations = (
				4444E98F28F9864B00499F48 /* Debug */,
				4444E99028F9864B00499F48 /* Release */,
			);
			defaultConfigurationIsVisible = 0;
			defaultConfigurationName = Release;
		};
		4497CF4629C949660047E7B9 /* Build configuration list for PBXNativeTarget "PortfolioWidgetExtension" */ = {
			isa = XCConfigurationList;
			buildConfigurations = (
				4497CF4729C949660047E7B9 /* Debug */,
				4497CF4829C949660047E7B9 /* Release */,
			);
			defaultConfigurationIsVisible = 0;
			defaultConfigurationName = Release;
		};
/* End XCConfigurationList section */

/* Begin XCVersionGroup section */
		4444E99128F986E400499F48 /* Main.xcdatamodeld */ = {
			isa = XCVersionGroup;
			children = (
				4444E99228F986E400499F48 /* Main.xcdatamodel */,
			);
			currentVersion = 4444E99228F986E400499F48 /* Main.xcdatamodel */;
			path = Main.xcdatamodeld;
			sourceTree = "<group>";
			versionGroupType = wrapper.xcdatamodel;
		};
/* End XCVersionGroup section */
	};
	rootObject = 4444E97828F9864800499F48 /* Project object */;
}
